// !$*UTF8*$!
{
	archiveVersion = 1;
	classes = {
	};
	objectVersion = 54;
	objects = {

/* Begin PBXAggregateTarget section */
		CC36F68029DF478100B3EB62 /* VersionGenerator */ = {
			isa = PBXAggregateTarget;
			buildConfigurationList = CC36F68129DF478100B3EB62 /* Build configuration list for PBXAggregateTarget "VersionGenerator" */;
			buildPhases = (
				CC36F68429DF478C00B3EB62 /* Generate Version */,
			);
			dependencies = (
			);
			name = VersionGenerator;
			productName = VersionGenerator;
		};
/* End PBXAggregateTarget section */

/* Begin PBXBuildFile section */
		058557BB273AAA24004C7B11 /* Assets.xcassets in Resources */ = {isa = PBXBuildFile; fileRef = 058557BA273AAA24004C7B11 /* Assets.xcassets */; };
		058557D9273AAEEB004C7B11 /* Preview Assets.xcassets in Resources */ = {isa = PBXBuildFile; fileRef = 058557D8273AAEEB004C7B11 /* Preview Assets.xcassets */; };
		2152FB042600AC8F00CF470E /* FeedFlowApp.swift in Sources */ = {isa = PBXBuildFile; fileRef = 2152FB032600AC8F00CF470E /* FeedFlowApp.swift */; };
		7555FF83242A565900829871 /* ContentView.swift in Sources */ = {isa = PBXBuildFile; fileRef = 7555FF82242A565900829871 /* ContentView.swift */; };
		CC23293029D63038005D0E06 /* commonMain in Resources */ = {isa = PBXBuildFile; fileRef = CC23292E29D63038005D0E06 /* commonMain */; };
		CC23293129D63038005D0E06 /* iosMain in Resources */ = {isa = PBXBuildFile; fileRef = CC23292F29D63038005D0E06 /* iosMain */; };
		CC23293529D8300C005D0E06 /* View+.swift in Sources */ = {isa = PBXBuildFile; fileRef = CC23293429D8300C005D0E06 /* View+.swift */; };
		CC23293729D83067005D0E06 /* RoundedCorners.swift in Sources */ = {isa = PBXBuildFile; fileRef = CC23293629D83067005D0E06 /* RoundedCorners.swift */; };
		CC23293C29D85208005D0E06 /* SwiftSoup in Frameworks */ = {isa = PBXBuildFile; productRef = CC23293B29D85208005D0E06 /* SwiftSoup */; };
		CC23293F29D85295005D0E06 /* IosHtmlParser.swift in Sources */ = {isa = PBXBuildFile; fileRef = CC23293E29D85295005D0E06 /* IosHtmlParser.swift */; };
		CC323E1029D2239300138233 /* KMPNativeCoroutinesAsync in Frameworks */ = {isa = PBXBuildFile; productRef = CC323E0F29D2239300138233 /* KMPNativeCoroutinesAsync */; };
		CC323E1229D2239300138233 /* KMPNativeCoroutinesCore in Frameworks */ = {isa = PBXBuildFile; productRef = CC323E1129D2239300138233 /* KMPNativeCoroutinesCore */; };
		CC323E1629D229AC00138233 /* ObservableViewModel.swift in Sources */ = {isa = PBXBuildFile; fileRef = CC323E1529D229AC00138233 /* ObservableViewModel.swift */; };
		CC323E1829D22C4200138233 /* HomeScreen.swift in Sources */ = {isa = PBXBuildFile; fileRef = CC323E1729D22C4200138233 /* HomeScreen.swift */; };
		CC323E1B29D22E1500138233 /* Route.swift in Sources */ = {isa = PBXBuildFile; fileRef = CC323E1A29D22E1500138233 /* Route.swift */; };
		CC4B803B29D98BB20004A0AB /* Nuke in Frameworks */ = {isa = PBXBuildFile; productRef = CC4B803A29D98BB20004A0AB /* Nuke */; };
		CC4B803D29D98BB20004A0AB /* NukeUI in Frameworks */ = {isa = PBXBuildFile; productRef = CC4B803C29D98BB20004A0AB /* NukeUI */; };
		CC4B804029D9A31E0004A0AB /* Collections in Frameworks */ = {isa = PBXBuildFile; productRef = CC4B803F29D9A31E0004A0AB /* Collections */; };
		CC4B804229D9A31E0004A0AB /* OrderedCollections in Frameworks */ = {isa = PBXBuildFile; productRef = CC4B804129D9A31E0004A0AB /* OrderedCollections */; };
		CC4B804429DA03460004A0AB /* HomeListIndexHolder.swift in Sources */ = {isa = PBXBuildFile; fileRef = CC4B804329DA03460004A0AB /* HomeListIndexHolder.swift */; };
		CC6E681F2A5B1429009F4A3C /* ShareSheet.swift in Sources */ = {isa = PBXBuildFile; fileRef = CC6E681E2A5B1429009F4A3C /* ShareSheet.swift */; };
		CC6E68212A5F446A009F4A3C /* BrowserSelector.swift in Sources */ = {isa = PBXBuildFile; fileRef = CC6E68202A5F446A009F4A3C /* BrowserSelector.swift */; };
		CC6E68232A629658009F4A3C /* Extensions.swift in Sources */ = {isa = PBXBuildFile; fileRef = CC6E68222A629658009F4A3C /* Extensions.swift */; };
		CC6E68302A6BF100009F4A3C /* AboutScreen.swift in Sources */ = {isa = PBXBuildFile; fileRef = CC6E682F2A6BF100009F4A3C /* AboutScreen.swift */; };
		CC6E68322A6BF6EC009F4A3C /* licenses.html in Resources */ = {isa = PBXBuildFile; fileRef = CC6E68312A6BF6EC009F4A3C /* licenses.html */; };
		CC6E68392A6C1D9A009F4A3C /* HtmlView.swift in Sources */ = {isa = PBXBuildFile; fileRef = CC6E68382A6C1D9A009F4A3C /* HtmlView.swift */; };
		CC6E683B2A6C1DD3009F4A3C /* LicensesScreen.swift in Sources */ = {isa = PBXBuildFile; fileRef = CC6E683A2A6C1DD3009F4A3C /* LicensesScreen.swift */; };
		CC7B9D2B29D8C4FD0026985C /* AddFeedScreen.swift in Sources */ = {isa = PBXBuildFile; fileRef = CC7B9D2A29D8C4FD0026985C /* AddFeedScreen.swift */; };
		CC7B9D2D29D8C52D0026985C /* FeedSourceListScreen.swift in Sources */ = {isa = PBXBuildFile; fileRef = CC7B9D2C29D8C52D0026985C /* FeedSourceListScreen.swift */; };
		CCA704C129D4B63300560FA3 /* Snackbar.swift in Sources */ = {isa = PBXBuildFile; fileRef = CCA704C029D4B63300560FA3 /* Snackbar.swift */; };
		CCA704C429D4B67100560FA3 /* AppState.swift in Sources */ = {isa = PBXBuildFile; fileRef = CCA704C329D4B67100560FA3 /* AppState.swift */; };
		CCA704C729D4B69B00560FA3 /* SnackbarData.swift in Sources */ = {isa = PBXBuildFile; fileRef = CCA704C629D4B69B00560FA3 /* SnackbarData.swift */; };
		CCA704CC29D4B88E00560FA3 /* Spacing.swift in Sources */ = {isa = PBXBuildFile; fileRef = CCA704CB29D4B88E00560FA3 /* Spacing.swift */; };
		CCA704CF29D5A85600560FA3 /* Colors.xcassets in Resources */ = {isa = PBXBuildFile; fileRef = CCA704CE29D5A85600560FA3 /* Colors.xcassets */; };
		CCA704D129D5A9B600560FA3 /* Colors.swift in Sources */ = {isa = PBXBuildFile; fileRef = CCA704D029D5A9B600560FA3 /* Colors.swift */; };
		CCA704D629D60D1C00560FA3 /* EmptyFeedView.swift in Sources */ = {isa = PBXBuildFile; fileRef = CCA704D529D60D1C00560FA3 /* EmptyFeedView.swift */; };
		CCA704D829D60F4300560FA3 /* NoFeedsSourceView.swift in Sources */ = {isa = PBXBuildFile; fileRef = CCA704D729D60F4200560FA3 /* NoFeedsSourceView.swift */; };
		CCA704DA29D60FA600560FA3 /* FeedItemView.swift in Sources */ = {isa = PBXBuildFile; fileRef = CCA704D929D60FA600560FA3 /* FeedItemView.swift */; };
		CCA704DC29D6143400560FA3 /* FeedListView.swift in Sources */ = {isa = PBXBuildFile; fileRef = CCA704DB29D6143400560FA3 /* FeedListView.swift */; };
		CCA704E529D625E200560FA3 /* SheetToShow.swift in Sources */ = {isa = PBXBuildFile; fileRef = CCA704E429D625E200560FA3 /* SheetToShow.swift */; };
		CCA704E729D626D400560FA3 /* FilePickerController.swift in Sources */ = {isa = PBXBuildFile; fileRef = CCA704E629D626D400560FA3 /* FilePickerController.swift */; };
		CCC86B4429D8C44400AEABB9 /* SheetPage.swift in Sources */ = {isa = PBXBuildFile; fileRef = CCC86B4329D8C44400AEABB9 /* SheetPage.swift */; };
		CCEA11BB2A6D2AC300C661AC /* GoogleService-Info.plist in Resources */ = {isa = PBXBuildFile; fileRef = CCEA11BA2A6D2AC300C661AC /* GoogleService-Info.plist */; };
		CCEA11BE2A6D2BA600C661AC /* FirebaseCrashlytics in Frameworks */ = {isa = PBXBuildFile; productRef = CCEA11BD2A6D2BA600C661AC /* FirebaseCrashlytics */; };
		CCEB9C5829B33F5A0064D14A /* Koin.swift in Sources */ = {isa = PBXBuildFile; fileRef = CCEB9C5729B33F5A0064D14A /* Koin.swift */; };
/* End PBXBuildFile section */

/* Begin PBXContainerItemProxy section */
		CC36F68529DF47D800B3EB62 /* PBXContainerItemProxy */ = {
			isa = PBXContainerItemProxy;
			containerPortal = 7555FF73242A565900829871 /* Project object */;
			proxyType = 1;
			remoteGlobalIDString = CC36F68029DF478100B3EB62;
			remoteInfo = VersionGenerator;
		};
/* End PBXContainerItemProxy section */

/* Begin PBXCopyFilesBuildPhase section */
		7555FFB4242A642300829871 /* Embed Frameworks */ = {
			isa = PBXCopyFilesBuildPhase;
			buildActionMask = 2147483647;
			dstPath = "";
			dstSubfolderSpec = 10;
			files = (
			);
			name = "Embed Frameworks";
			runOnlyForDeploymentPostprocessing = 0;
		};
/* End PBXCopyFilesBuildPhase section */

/* Begin PBXFileReference section */
		058557BA273AAA24004C7B11 /* Assets.xcassets */ = {isa = PBXFileReference; lastKnownFileType = folder.assetcatalog; path = Assets.xcassets; sourceTree = "<group>"; };
		058557D8273AAEEB004C7B11 /* Preview Assets.xcassets */ = {isa = PBXFileReference; lastKnownFileType = folder.assetcatalog; path = "Preview Assets.xcassets"; sourceTree = "<group>"; };
		2152FB032600AC8F00CF470E /* FeedFlowApp.swift */ = {isa = PBXFileReference; lastKnownFileType = sourcecode.swift; path = FeedFlowApp.swift; sourceTree = "<group>"; };
		7555FF7B242A565900829871 /* FeedFlow.app */ = {isa = PBXFileReference; explicitFileType = wrapper.application; includeInIndex = 0; path = FeedFlow.app; sourceTree = BUILT_PRODUCTS_DIR; };
		7555FF82242A565900829871 /* ContentView.swift */ = {isa = PBXFileReference; lastKnownFileType = sourcecode.swift; path = ContentView.swift; sourceTree = "<group>"; };
		7555FF8C242A565B00829871 /* Info.plist */ = {isa = PBXFileReference; lastKnownFileType = text.plist; path = Info.plist; sourceTree = "<group>"; };
		CC23292E29D63038005D0E06 /* commonMain */ = {isa = PBXFileReference; lastKnownFileType = folder; name = commonMain; path = ../../shared/src/commonMain; sourceTree = "<group>"; };
		CC23292F29D63038005D0E06 /* iosMain */ = {isa = PBXFileReference; lastKnownFileType = folder; name = iosMain; path = ../../shared/src/iosMain; sourceTree = "<group>"; };
		CC23293429D8300C005D0E06 /* View+.swift */ = {isa = PBXFileReference; lastKnownFileType = sourcecode.swift; path = "View+.swift"; sourceTree = "<group>"; };
		CC23293629D83067005D0E06 /* RoundedCorners.swift */ = {isa = PBXFileReference; lastKnownFileType = sourcecode.swift; path = RoundedCorners.swift; sourceTree = "<group>"; };
		CC23293E29D85295005D0E06 /* IosHtmlParser.swift */ = {isa = PBXFileReference; lastKnownFileType = sourcecode.swift; path = IosHtmlParser.swift; sourceTree = "<group>"; };
		CC323E1529D229AC00138233 /* ObservableViewModel.swift */ = {isa = PBXFileReference; lastKnownFileType = sourcecode.swift; path = ObservableViewModel.swift; sourceTree = "<group>"; };
		CC323E1729D22C4200138233 /* HomeScreen.swift */ = {isa = PBXFileReference; lastKnownFileType = sourcecode.swift; path = HomeScreen.swift; sourceTree = "<group>"; };
		CC323E1A29D22E1500138233 /* Route.swift */ = {isa = PBXFileReference; lastKnownFileType = sourcecode.swift; path = Route.swift; sourceTree = "<group>"; };
		CC4B804329DA03460004A0AB /* HomeListIndexHolder.swift */ = {isa = PBXFileReference; lastKnownFileType = sourcecode.swift; path = HomeListIndexHolder.swift; sourceTree = "<group>"; };
		CC6E681E2A5B1429009F4A3C /* ShareSheet.swift */ = {isa = PBXFileReference; lastKnownFileType = sourcecode.swift; path = ShareSheet.swift; sourceTree = "<group>"; };
		CC6E68202A5F446A009F4A3C /* BrowserSelector.swift */ = {isa = PBXFileReference; lastKnownFileType = sourcecode.swift; path = BrowserSelector.swift; sourceTree = "<group>"; };
		CC6E68222A629658009F4A3C /* Extensions.swift */ = {isa = PBXFileReference; lastKnownFileType = sourcecode.swift; path = Extensions.swift; sourceTree = "<group>"; };
		CC6E682F2A6BF100009F4A3C /* AboutScreen.swift */ = {isa = PBXFileReference; lastKnownFileType = sourcecode.swift; path = AboutScreen.swift; sourceTree = "<group>"; };
		CC6E68312A6BF6EC009F4A3C /* licenses.html */ = {isa = PBXFileReference; fileEncoding = 4; lastKnownFileType = text.html; path = licenses.html; sourceTree = "<group>"; };
		CC6E68382A6C1D9A009F4A3C /* HtmlView.swift */ = {isa = PBXFileReference; lastKnownFileType = sourcecode.swift; path = HtmlView.swift; sourceTree = "<group>"; };
		CC6E683A2A6C1DD3009F4A3C /* LicensesScreen.swift */ = {isa = PBXFileReference; lastKnownFileType = sourcecode.swift; path = LicensesScreen.swift; sourceTree = "<group>"; };
		CC7B9D2A29D8C4FD0026985C /* AddFeedScreen.swift */ = {isa = PBXFileReference; lastKnownFileType = sourcecode.swift; path = AddFeedScreen.swift; sourceTree = "<group>"; };
		CC7B9D2C29D8C52D0026985C /* FeedSourceListScreen.swift */ = {isa = PBXFileReference; lastKnownFileType = sourcecode.swift; path = FeedSourceListScreen.swift; sourceTree = "<group>"; };
		CCA704C029D4B63300560FA3 /* Snackbar.swift */ = {isa = PBXFileReference; lastKnownFileType = sourcecode.swift; path = Snackbar.swift; sourceTree = "<group>"; };
		CCA704C329D4B67100560FA3 /* AppState.swift */ = {isa = PBXFileReference; lastKnownFileType = sourcecode.swift; path = AppState.swift; sourceTree = "<group>"; };
		CCA704C629D4B69B00560FA3 /* SnackbarData.swift */ = {isa = PBXFileReference; lastKnownFileType = sourcecode.swift; path = SnackbarData.swift; sourceTree = "<group>"; };
		CCA704CB29D4B88E00560FA3 /* Spacing.swift */ = {isa = PBXFileReference; lastKnownFileType = sourcecode.swift; path = Spacing.swift; sourceTree = "<group>"; };
		CCA704CE29D5A85600560FA3 /* Colors.xcassets */ = {isa = PBXFileReference; lastKnownFileType = folder.assetcatalog; path = Colors.xcassets; sourceTree = "<group>"; };
		CCA704D029D5A9B600560FA3 /* Colors.swift */ = {isa = PBXFileReference; lastKnownFileType = sourcecode.swift; path = Colors.swift; sourceTree = "<group>"; };
		CCA704D529D60D1C00560FA3 /* EmptyFeedView.swift */ = {isa = PBXFileReference; lastKnownFileType = sourcecode.swift; path = EmptyFeedView.swift; sourceTree = "<group>"; };
		CCA704D729D60F4200560FA3 /* NoFeedsSourceView.swift */ = {isa = PBXFileReference; lastKnownFileType = sourcecode.swift; path = NoFeedsSourceView.swift; sourceTree = "<group>"; };
		CCA704D929D60FA600560FA3 /* FeedItemView.swift */ = {isa = PBXFileReference; lastKnownFileType = sourcecode.swift; path = FeedItemView.swift; sourceTree = "<group>"; };
		CCA704DB29D6143400560FA3 /* FeedListView.swift */ = {isa = PBXFileReference; lastKnownFileType = sourcecode.swift; path = FeedListView.swift; sourceTree = "<group>"; };
		CCA704E429D625E200560FA3 /* SheetToShow.swift */ = {isa = PBXFileReference; lastKnownFileType = sourcecode.swift; path = SheetToShow.swift; sourceTree = "<group>"; };
		CCA704E629D626D400560FA3 /* FilePickerController.swift */ = {isa = PBXFileReference; lastKnownFileType = sourcecode.swift; path = FilePickerController.swift; sourceTree = "<group>"; };
		CCC86B4329D8C44400AEABB9 /* SheetPage.swift */ = {isa = PBXFileReference; lastKnownFileType = sourcecode.swift; path = SheetPage.swift; sourceTree = "<group>"; };
		CCEA11BA2A6D2AC300C661AC /* GoogleService-Info.plist */ = {isa = PBXFileReference; fileEncoding = 4; lastKnownFileType = text.plist.xml; path = "GoogleService-Info.plist"; sourceTree = "<group>"; };
		CCEB9C5729B33F5A0064D14A /* Koin.swift */ = {isa = PBXFileReference; lastKnownFileType = sourcecode.swift; path = Koin.swift; sourceTree = "<group>"; };
/* End PBXFileReference section */

/* Begin PBXFrameworksBuildPhase section */
		7555FF78242A565900829871 /* Frameworks */ = {
			isa = PBXFrameworksBuildPhase;
			buildActionMask = 2147483647;
			files = (
				CC4B804029D9A31E0004A0AB /* Collections in Frameworks */,
				CC4B803D29D98BB20004A0AB /* NukeUI in Frameworks */,
				CC323E1229D2239300138233 /* KMPNativeCoroutinesCore in Frameworks */,
				CC323E1029D2239300138233 /* KMPNativeCoroutinesAsync in Frameworks */,
				CC23293C29D85208005D0E06 /* SwiftSoup in Frameworks */,
				CCEA11BE2A6D2BA600C661AC /* FirebaseCrashlytics in Frameworks */,
				CC4B804229D9A31E0004A0AB /* OrderedCollections in Frameworks */,
				CC4B803B29D98BB20004A0AB /* Nuke in Frameworks */,
			);
			runOnlyForDeploymentPostprocessing = 0;
		};
/* End PBXFrameworksBuildPhase section */

/* Begin PBXGroup section */
		058557D7273AAEEB004C7B11 /* Preview Content */ = {
			isa = PBXGroup;
			children = (
				058557D8273AAEEB004C7B11 /* Preview Assets.xcassets */,
			);
			path = "Preview Content";
			sourceTree = "<group>";
		};
		7555FF72242A565900829871 = {
			isa = PBXGroup;
			children = (
				CCA704CD29D5A83D00560FA3 /* Assets */,
				CC23292D29D62FE2005D0E06 /* Kotlin */,
				CC323DFD29D21F6500138233 /* Source */,
				7555FF8C242A565B00829871 /* Info.plist */,
				CCEA11BA2A6D2AC300C661AC /* GoogleService-Info.plist */,
				058557D7273AAEEB004C7B11 /* Preview Content */,
				7555FF7C242A565900829871 /* Products */,
				7555FFB0242A642200829871 /* Frameworks */,
			);
			sourceTree = "<group>";
		};
		7555FF7C242A565900829871 /* Products */ = {
			isa = PBXGroup;
			children = (
				7555FF7B242A565900829871 /* FeedFlow.app */,
			);
			name = Products;
			sourceTree = "<group>";
		};
		7555FFB0242A642200829871 /* Frameworks */ = {
			isa = PBXGroup;
			children = (
			);
			name = Frameworks;
			sourceTree = "<group>";
		};
		CC23292D29D62FE2005D0E06 /* Kotlin */ = {
			isa = PBXGroup;
			children = (
				CC23292E29D63038005D0E06 /* commonMain */,
				CC23292F29D63038005D0E06 /* iosMain */,
			);
			path = Kotlin;
			sourceTree = "<group>";
		};
		CC23293D29D85287005D0E06 /* Utils */ = {
			isa = PBXGroup;
			children = (
				CC23293E29D85295005D0E06 /* IosHtmlParser.swift */,
				CC6E68222A629658009F4A3C /* Extensions.swift */,
			);
			path = Utils;
			sourceTree = "<group>";
		};
		CC323DFD29D21F6500138233 /* Source */ = {
			isa = PBXGroup;
			children = (
				CC23293D29D85287005D0E06 /* Utils */,
				CCA704C929D4B76F00560FA3 /* DI */,
				CCA704C229D4B66100560FA3 /* App */,
				CCA704BE29D4B61C00560FA3 /* UI */,
				CCDF168B29D2347300222A0A /* Navigation */,
				CC323E1929D22C5100138233 /* Home */,
				CCA704DD29D6225B00560FA3 /* Settings */,
				CC323E1529D229AC00138233 /* ObservableViewModel.swift */,
			);
			path = Source;
			sourceTree = "<group>";
		};
		CC323E1929D22C5100138233 /* Home */ = {
			isa = PBXGroup;
			children = (
				CCA704D229D60CDF00560FA3 /* Components */,
				CC323E1729D22C4200138233 /* HomeScreen.swift */,
				CC4B804329DA03460004A0AB /* HomeListIndexHolder.swift */,
			);
			path = Home;
			sourceTree = "<group>";
		};
		CC6E68352A6C1D37009F4A3C /* About */ = {
			isa = PBXGroup;
			children = (
				CC6E682F2A6BF100009F4A3C /* AboutScreen.swift */,
				CC6E683A2A6C1DD3009F4A3C /* LicensesScreen.swift */,
			);
			path = About;
			sourceTree = "<group>";
		};
		CC7B9D2829D8C4EC0026985C /* AddFeed */ = {
			isa = PBXGroup;
			children = (
				CC7B9D2A29D8C4FD0026985C /* AddFeedScreen.swift */,
			);
			path = AddFeed;
			sourceTree = "<group>";
		};
		CC7B9D2929D8C4F40026985C /* Feeds */ = {
			isa = PBXGroup;
			children = (
				CC7B9D2C29D8C52D0026985C /* FeedSourceListScreen.swift */,
			);
			path = Feeds;
			sourceTree = "<group>";
		};
		CCA704BE29D4B61C00560FA3 /* UI */ = {
			isa = PBXGroup;
			children = (
				CCA704CA29D4B88100560FA3 /* Style */,
				CCA704BF29D4B62500560FA3 /* Components */,
				CC23293429D8300C005D0E06 /* View+.swift */,
				CC23293629D83067005D0E06 /* RoundedCorners.swift */,
			);
			path = UI;
			sourceTree = "<group>";
		};
		CCA704BF29D4B62500560FA3 /* Components */ = {
			isa = PBXGroup;
			children = (
				CCA704C029D4B63300560FA3 /* Snackbar.swift */,
				CC6E68382A6C1D9A009F4A3C /* HtmlView.swift */,
			);
			path = Components;
			sourceTree = "<group>";
		};
		CCA704C229D4B66100560FA3 /* App */ = {
			isa = PBXGroup;
			children = (
				CCA704C529D4B68B00560FA3 /* Model */,
				7555FF82242A565900829871 /* ContentView.swift */,
				2152FB032600AC8F00CF470E /* FeedFlowApp.swift */,
				CCA704C329D4B67100560FA3 /* AppState.swift */,
			);
			path = App;
			sourceTree = "<group>";
		};
		CCA704C529D4B68B00560FA3 /* Model */ = {
			isa = PBXGroup;
			children = (
				CCA704C629D4B69B00560FA3 /* SnackbarData.swift */,
			);
			path = Model;
			sourceTree = "<group>";
		};
		CCA704C929D4B76F00560FA3 /* DI */ = {
			isa = PBXGroup;
			children = (
				CCEB9C5729B33F5A0064D14A /* Koin.swift */,
			);
			path = DI;
			sourceTree = "<group>";
		};
		CCA704CA29D4B88100560FA3 /* Style */ = {
			isa = PBXGroup;
			children = (
				CCA704CB29D4B88E00560FA3 /* Spacing.swift */,
				CCA704D029D5A9B600560FA3 /* Colors.swift */,
			);
			path = Style;
			sourceTree = "<group>";
		};
		CCA704CD29D5A83D00560FA3 /* Assets */ = {
			isa = PBXGroup;
			children = (
				CC6E68312A6BF6EC009F4A3C /* licenses.html */,
				058557BA273AAA24004C7B11 /* Assets.xcassets */,
				CCA704CE29D5A85600560FA3 /* Colors.xcassets */,
			);
			path = Assets;
			sourceTree = "<group>";
		};
		CCA704D229D60CDF00560FA3 /* Components */ = {
			isa = PBXGroup;
			children = (
				CCA704D529D60D1C00560FA3 /* EmptyFeedView.swift */,
				CCA704D729D60F4200560FA3 /* NoFeedsSourceView.swift */,
				CCA704D929D60FA600560FA3 /* FeedItemView.swift */,
				CCA704DB29D6143400560FA3 /* FeedListView.swift */,
			);
			path = Components;
			sourceTree = "<group>";
		};
		CCA704DD29D6225B00560FA3 /* Settings */ = {
			isa = PBXGroup;
			children = (
				CC6E68352A6C1D37009F4A3C /* About */,
				CC7B9D2929D8C4F40026985C /* Feeds */,
				CC7B9D2829D8C4EC0026985C /* AddFeed */,
				CCA704E329D6251D00560FA3 /* Model */,
				CCA704E629D626D400560FA3 /* FilePickerController.swift */,
				CC6E681E2A5B1429009F4A3C /* ShareSheet.swift */,
				CC6E68202A5F446A009F4A3C /* BrowserSelector.swift */,
			);
			path = Settings;
			sourceTree = "<group>";
		};
		CCA704E329D6251D00560FA3 /* Model */ = {
			isa = PBXGroup;
			children = (
				CCA704E429D625E200560FA3 /* SheetToShow.swift */,
				CCC86B4329D8C44400AEABB9 /* SheetPage.swift */,
			);
			path = Model;
			sourceTree = "<group>";
		};
		CCDF168B29D2347300222A0A /* Navigation */ = {
			isa = PBXGroup;
			children = (
				CC323E1A29D22E1500138233 /* Route.swift */,
			);
			path = Navigation;
			sourceTree = "<group>";
		};
/* End PBXGroup section */

/* Begin PBXNativeTarget section */
		7555FF7A242A565900829871 /* FeedFlow */ = {
			isa = PBXNativeTarget;
			buildConfigurationList = 7555FFA5242A565B00829871 /* Build configuration list for PBXNativeTarget "FeedFlow" */;
			buildPhases = (
				7555FFB5242A651A00829871 /* ShellScript */,
				7555FF77242A565900829871 /* Sources */,
				7555FF78242A565900829871 /* Frameworks */,
				7555FF79242A565900829871 /* Resources */,
				7555FFB4242A642300829871 /* Embed Frameworks */,
				CC6E682B2A6475B1009F4A3C /* SwiftLint */,
				CCEA11BF2A6D2C6600C661AC /* Crashlytics */,
				CCEA11C12A6D454C00C661AC /* Crashlytics KMP */,
				CC67CF542A9BE1E000E7A9E2 /* Moko Resources */,
			);
			buildRules = (
			);
			dependencies = (
				CC36F68629DF47D800B3EB62 /* PBXTargetDependency */,
			);
			name = FeedFlow;
			packageProductDependencies = (
				CC323E0F29D2239300138233 /* KMPNativeCoroutinesAsync */,
				CC323E1129D2239300138233 /* KMPNativeCoroutinesCore */,
				CC23293B29D85208005D0E06 /* SwiftSoup */,
				CC4B803A29D98BB20004A0AB /* Nuke */,
				CC4B803C29D98BB20004A0AB /* NukeUI */,
				CC4B803F29D9A31E0004A0AB /* Collections */,
				CC4B804129D9A31E0004A0AB /* OrderedCollections */,
				CCEA11BD2A6D2BA600C661AC /* FirebaseCrashlytics */,
			);
			productName = iosApp;
			productReference = 7555FF7B242A565900829871 /* FeedFlow.app */;
			productType = "com.apple.product-type.application";
		};
/* End PBXNativeTarget section */

/* Begin PBXProject section */
		7555FF73242A565900829871 /* Project object */ = {
			isa = PBXProject;
			attributes = {
				BuildIndependentTargetsInParallel = YES;
				LastSwiftUpdateCheck = 1130;
				LastUpgradeCheck = 1430;
				ORGANIZATIONNAME = orgName;
				TargetAttributes = {
					7555FF7A242A565900829871 = {
						CreatedOnToolsVersion = 11.3.1;
					};
					CC36F68029DF478100B3EB62 = {
						CreatedOnToolsVersion = 14.3;
					};
				};
			};
			buildConfigurationList = 7555FF76242A565900829871 /* Build configuration list for PBXProject "FeedFlow" */;
			compatibilityVersion = "Xcode 9.3";
			developmentRegion = en;
			hasScannedForEncodings = 0;
			knownRegions = (
				en,
				Base,
			);
			mainGroup = 7555FF72242A565900829871;
			packageReferences = (
				CC323E0E29D2239300138233 /* XCRemoteSwiftPackageReference "KMP-NativeCoroutines" */,
				CC23293A29D85208005D0E06 /* XCRemoteSwiftPackageReference "SwiftSoup" */,
				CC4B803929D98BB20004A0AB /* XCRemoteSwiftPackageReference "Nuke" */,
				CC4B803E29D9A31E0004A0AB /* XCRemoteSwiftPackageReference "swift-collections" */,
				CCEA11BC2A6D2BA600C661AC /* XCRemoteSwiftPackageReference "firebase-ios-sdk" */,
			);
			productRefGroup = 7555FF7C242A565900829871 /* Products */;
			projectDirPath = "";
			projectRoot = "";
			targets = (
				7555FF7A242A565900829871 /* FeedFlow */,
				CC36F68029DF478100B3EB62 /* VersionGenerator */,
			);
		};
/* End PBXProject section */

/* Begin PBXResourcesBuildPhase section */
		7555FF79242A565900829871 /* Resources */ = {
			isa = PBXResourcesBuildPhase;
			buildActionMask = 2147483647;
			files = (
				CC6E68322A6BF6EC009F4A3C /* licenses.html in Resources */,
				CC23293029D63038005D0E06 /* commonMain in Resources */,
				CCA704CF29D5A85600560FA3 /* Colors.xcassets in Resources */,
				058557D9273AAEEB004C7B11 /* Preview Assets.xcassets in Resources */,
				058557BB273AAA24004C7B11 /* Assets.xcassets in Resources */,
				CC23293129D63038005D0E06 /* iosMain in Resources */,
				CCEA11BB2A6D2AC300C661AC /* GoogleService-Info.plist in Resources */,
			);
			runOnlyForDeploymentPostprocessing = 0;
		};
/* End PBXResourcesBuildPhase section */

/* Begin PBXShellScriptBuildPhase section */
		7555FFB5242A651A00829871 /* ShellScript */ = {
			isa = PBXShellScriptBuildPhase;
			alwaysOutOfDate = 1;
			buildActionMask = 2147483647;
			files = (
			);
			inputFileListPaths = (
			);
			inputPaths = (
			);
			outputFileListPaths = (
			);
			outputPaths = (
			);
			runOnlyForDeploymentPostprocessing = 0;
			shellPath = /bin/sh;
			shellScript = "cd \"$SRCROOT/..\"\n./gradlew :shared:embedAndSignAppleFrameworkForXcode\n";
		};
		CC36F68429DF478C00B3EB62 /* Generate Version */ = {
			isa = PBXShellScriptBuildPhase;
			buildActionMask = 2147483647;
			files = (
			);
			inputFileListPaths = (
			);
			inputPaths = (
			);
			name = "Generate Version";
			outputFileListPaths = (
			);
			outputPaths = (
				"$(SRCROOT)/Plist/Prefix",
			);
			runOnlyForDeploymentPostprocessing = 0;
			shellPath = /bin/sh;
			shellScript = "# Type a script or drag a script file from your workspace to insert its path.\n\"$SRCROOT\"/.scripts/version.sh\n";
		};
		CC67CF542A9BE1E000E7A9E2 /* Moko Resources */ = {
			isa = PBXShellScriptBuildPhase;
			buildActionMask = 2147483647;
			files = (
			);
			inputFileListPaths = (
			);
			inputPaths = (
			);
			name = "Moko Resources";
			outputFileListPaths = (
			);
			outputPaths = (
			);
			runOnlyForDeploymentPostprocessing = 0;
			shellPath = /bin/sh;
			shellScript = "\"$SRCROOT/../gradlew\" -p \"$SRCROOT/../\" :i18n:copyFrameworkResourcesToApp \\\n    -Pmoko.resources.PLATFORM_NAME=\"$PLATFORM_NAME\" \\\n    -Pmoko.resources.CONFIGURATION=\"$CONFIGURATION\" \\\n    -Pmoko.resources.ARCHS=\"$ARCHS\" \\\n    -Pmoko.resources.BUILT_PRODUCTS_DIR=\"$BUILT_PRODUCTS_DIR\" \\\n    -Pmoko.resources.CONTENTS_FOLDER_PATH=\"$CONTENTS_FOLDER_PATH\" \n";
		};
		CC6E682B2A6475B1009F4A3C /* SwiftLint */ = {
			isa = PBXShellScriptBuildPhase;
			alwaysOutOfDate = 1;
			buildActionMask = 2147483647;
			files = (
			);
			inputFileListPaths = (
			);
			inputPaths = (
			);
			name = SwiftLint;
			outputFileListPaths = (
			);
			outputPaths = (
			);
			runOnlyForDeploymentPostprocessing = 0;
			shellPath = /bin/sh;
			shellScript = "if [[ \"$(uname -m)\" == arm64 ]]; then\n    export PATH=\"/opt/homebrew/bin:$PATH\"\nfi\n\nif which swiftlint > /dev/null; then\n  swiftlint --fix && swiftlint\nelse\n  echo \"warning: SwiftLint not installed, download with brew install swiftlint\"\nfi\n";
		};
		CCEA11BF2A6D2C6600C661AC /* Crashlytics */ = {
			isa = PBXShellScriptBuildPhase;
			alwaysOutOfDate = 1;
			buildActionMask = 2147483647;
			files = (
			);
			inputFileListPaths = (
			);
			inputPaths = (
			);
			name = Crashlytics;
			outputFileListPaths = (
			);
			outputPaths = (
			);
			runOnlyForDeploymentPostprocessing = 0;
			shellPath = /bin/sh;
			shellScript = "# Type a script or drag a script file from your workspace to insert its path.\nif [ \"${CONFIGURATION}\" = \"Release\" ]; then\n  \"${BUILD_DIR%/Build/*}/SourcePackages/checkouts/firebase-ios-sdk/Crashlytics/run\"\nfi\n\n";
		};
		CCEA11C12A6D454C00C661AC /* Crashlytics KMP */ = {
			isa = PBXShellScriptBuildPhase;
			alwaysOutOfDate = 1;
			buildActionMask = 2147483647;
			files = (
			);
			inputFileListPaths = (
			);
			inputPaths = (
			);
			name = "Crashlytics KMP";
			outputFileListPaths = (
			);
			outputPaths = (
			);
			runOnlyForDeploymentPostprocessing = 0;
			shellPath = /bin/sh;
			shellScript = "# Type a script or drag a script file from your workspace to insert its path.\nif [ \"${CONFIGURATION}\" = \"Release\" ]; then\n    find ../shared/build -name \"*.dSYM\" | xargs -I \\{\\} ${BUILD_DIR%/Build/*}/SourcePackages/checkouts/firebase-ios-sdk/Crashlytics/upload-symbols -gsp ${SRCROOT}/GoogleService-Info.plist -p ios \\{\\}\nfi\n";
		};
/* End PBXShellScriptBuildPhase section */

/* Begin PBXSourcesBuildPhase section */
		7555FF77242A565900829871 /* Sources */ = {
			isa = PBXSourcesBuildPhase;
			buildActionMask = 2147483647;
			files = (
				CC23293729D83067005D0E06 /* RoundedCorners.swift in Sources */,
				CC6E68232A629658009F4A3C /* Extensions.swift in Sources */,
				CC7B9D2D29D8C52D0026985C /* FeedSourceListScreen.swift in Sources */,
				CC7B9D2B29D8C4FD0026985C /* AddFeedScreen.swift in Sources */,
				CC6E68212A5F446A009F4A3C /* BrowserSelector.swift in Sources */,
				CCEB9C5829B33F5A0064D14A /* Koin.swift in Sources */,
				CC6E681F2A5B1429009F4A3C /* ShareSheet.swift in Sources */,
				CC6E68392A6C1D9A009F4A3C /* HtmlView.swift in Sources */,
				CC23293F29D85295005D0E06 /* IosHtmlParser.swift in Sources */,
				CCA704D129D5A9B600560FA3 /* Colors.swift in Sources */,
				CC6E68302A6BF100009F4A3C /* AboutScreen.swift in Sources */,
				CC4B804429DA03460004A0AB /* HomeListIndexHolder.swift in Sources */,
				CCA704CC29D4B88E00560FA3 /* Spacing.swift in Sources */,
				CCA704DC29D6143400560FA3 /* FeedListView.swift in Sources */,
				2152FB042600AC8F00CF470E /* FeedFlowApp.swift in Sources */,
				CCA704DA29D60FA600560FA3 /* FeedItemView.swift in Sources */,
				CC23293529D8300C005D0E06 /* View+.swift in Sources */,
				CCA704D629D60D1C00560FA3 /* EmptyFeedView.swift in Sources */,
				CC323E1829D22C4200138233 /* HomeScreen.swift in Sources */,
				CCA704C429D4B67100560FA3 /* AppState.swift in Sources */,
				CC323E1629D229AC00138233 /* ObservableViewModel.swift in Sources */,
				CC6E683B2A6C1DD3009F4A3C /* LicensesScreen.swift in Sources */,
				7555FF83242A565900829871 /* ContentView.swift in Sources */,
				CCA704E529D625E200560FA3 /* SheetToShow.swift in Sources */,
				CCA704E729D626D400560FA3 /* FilePickerController.swift in Sources */,
				CCA704D829D60F4300560FA3 /* NoFeedsSourceView.swift in Sources */,
				CCA704C729D4B69B00560FA3 /* SnackbarData.swift in Sources */,
				CC323E1B29D22E1500138233 /* Route.swift in Sources */,
				CCA704C129D4B63300560FA3 /* Snackbar.swift in Sources */,
				CCC86B4429D8C44400AEABB9 /* SheetPage.swift in Sources */,
			);
			runOnlyForDeploymentPostprocessing = 0;
		};
/* End PBXSourcesBuildPhase section */

/* Begin PBXTargetDependency section */
		CC36F68629DF47D800B3EB62 /* PBXTargetDependency */ = {
			isa = PBXTargetDependency;
			target = CC36F68029DF478100B3EB62 /* VersionGenerator */;
			targetProxy = CC36F68529DF47D800B3EB62 /* PBXContainerItemProxy */;
		};
/* End PBXTargetDependency section */

/* Begin XCBuildConfiguration section */
		7555FFA3242A565B00829871 /* Debug */ = {
			isa = XCBuildConfiguration;
			buildSettings = {
				ALWAYS_SEARCH_USER_PATHS = NO;
				CLANG_ANALYZER_NONNULL = YES;
				CLANG_ANALYZER_NUMBER_OBJECT_CONVERSION = YES_AGGRESSIVE;
				CLANG_CXX_LANGUAGE_STANDARD = "gnu++14";
				CLANG_CXX_LIBRARY = "libc++";
				CLANG_ENABLE_MODULES = YES;
				CLANG_ENABLE_OBJC_ARC = YES;
				CLANG_ENABLE_OBJC_WEAK = YES;
				CLANG_WARN_BLOCK_CAPTURE_AUTORELEASING = YES;
				CLANG_WARN_BOOL_CONVERSION = YES;
				CLANG_WARN_COMMA = YES;
				CLANG_WARN_CONSTANT_CONVERSION = YES;
				CLANG_WARN_DEPRECATED_OBJC_IMPLEMENTATIONS = YES;
				CLANG_WARN_DIRECT_OBJC_ISA_USAGE = YES_ERROR;
				CLANG_WARN_DOCUMENTATION_COMMENTS = YES;
				CLANG_WARN_EMPTY_BODY = YES;
				CLANG_WARN_ENUM_CONVERSION = YES;
				CLANG_WARN_INFINITE_RECURSION = YES;
				CLANG_WARN_INT_CONVERSION = YES;
				CLANG_WARN_NON_LITERAL_NULL_CONVERSION = YES;
				CLANG_WARN_OBJC_IMPLICIT_RETAIN_SELF = YES;
				CLANG_WARN_OBJC_LITERAL_CONVERSION = YES;
				CLANG_WARN_OBJC_ROOT_CLASS = YES_ERROR;
				CLANG_WARN_QUOTED_INCLUDE_IN_FRAMEWORK_HEADER = YES;
				CLANG_WARN_RANGE_LOOP_ANALYSIS = YES;
				CLANG_WARN_STRICT_PROTOTYPES = YES;
				CLANG_WARN_SUSPICIOUS_MOVE = YES;
				CLANG_WARN_UNGUARDED_AVAILABILITY = YES_AGGRESSIVE;
				CLANG_WARN_UNREACHABLE_CODE = YES;
				CLANG_WARN__DUPLICATE_METHOD_MATCH = YES;
				COPY_PHASE_STRIP = NO;
				DEBUG_INFORMATION_FORMAT = "dwarf-with-dsym";
				ENABLE_STRICT_OBJC_MSGSEND = YES;
				ENABLE_TESTABILITY = YES;
				GCC_C_LANGUAGE_STANDARD = gnu11;
				GCC_DYNAMIC_NO_PIC = NO;
				GCC_NO_COMMON_BLOCKS = YES;
				GCC_OPTIMIZATION_LEVEL = 0;
				GCC_PREPROCESSOR_DEFINITIONS = (
					"DEBUG=1",
					"$(inherited)",
				);
				GCC_WARN_64_TO_32_BIT_CONVERSION = YES;
				GCC_WARN_ABOUT_RETURN_TYPE = YES_ERROR;
				GCC_WARN_UNDECLARED_SELECTOR = YES;
				GCC_WARN_UNINITIALIZED_AUTOS = YES_AGGRESSIVE;
				GCC_WARN_UNUSED_FUNCTION = YES;
				GCC_WARN_UNUSED_VARIABLE = YES;
				INFOPLIST_PREFIX_HEADER = Plist/Prefix;
				INFOPLIST_PREPROCESS = YES;
				IPHONEOS_DEPLOYMENT_TARGET = 16.0;
				MTL_ENABLE_DEBUG_INFO = INCLUDE_SOURCE;
				MTL_FAST_MATH = YES;
				ONLY_ACTIVE_ARCH = YES;
				SDKROOT = iphoneos;
				SWIFT_ACTIVE_COMPILATION_CONDITIONS = DEBUG;
				SWIFT_OPTIMIZATION_LEVEL = "-Onone";
			};
			name = Debug;
		};
		7555FFA4242A565B00829871 /* Release */ = {
			isa = XCBuildConfiguration;
			buildSettings = {
				ALWAYS_SEARCH_USER_PATHS = NO;
				CLANG_ANALYZER_NONNULL = YES;
				CLANG_ANALYZER_NUMBER_OBJECT_CONVERSION = YES_AGGRESSIVE;
				CLANG_CXX_LANGUAGE_STANDARD = "gnu++14";
				CLANG_CXX_LIBRARY = "libc++";
				CLANG_ENABLE_MODULES = YES;
				CLANG_ENABLE_OBJC_ARC = YES;
				CLANG_ENABLE_OBJC_WEAK = YES;
				CLANG_WARN_BLOCK_CAPTURE_AUTORELEASING = YES;
				CLANG_WARN_BOOL_CONVERSION = YES;
				CLANG_WARN_COMMA = YES;
				CLANG_WARN_CONSTANT_CONVERSION = YES;
				CLANG_WARN_DEPRECATED_OBJC_IMPLEMENTATIONS = YES;
				CLANG_WARN_DIRECT_OBJC_ISA_USAGE = YES_ERROR;
				CLANG_WARN_DOCUMENTATION_COMMENTS = YES;
				CLANG_WARN_EMPTY_BODY = YES;
				CLANG_WARN_ENUM_CONVERSION = YES;
				CLANG_WARN_INFINITE_RECURSION = YES;
				CLANG_WARN_INT_CONVERSION = YES;
				CLANG_WARN_NON_LITERAL_NULL_CONVERSION = YES;
				CLANG_WARN_OBJC_IMPLICIT_RETAIN_SELF = YES;
				CLANG_WARN_OBJC_LITERAL_CONVERSION = YES;
				CLANG_WARN_OBJC_ROOT_CLASS = YES_ERROR;
				CLANG_WARN_QUOTED_INCLUDE_IN_FRAMEWORK_HEADER = YES;
				CLANG_WARN_RANGE_LOOP_ANALYSIS = YES;
				CLANG_WARN_STRICT_PROTOTYPES = YES;
				CLANG_WARN_SUSPICIOUS_MOVE = YES;
				CLANG_WARN_UNGUARDED_AVAILABILITY = YES_AGGRESSIVE;
				CLANG_WARN_UNREACHABLE_CODE = YES;
				CLANG_WARN__DUPLICATE_METHOD_MATCH = YES;
				COPY_PHASE_STRIP = NO;
				DEBUG_INFORMATION_FORMAT = "dwarf-with-dsym";
				ENABLE_NS_ASSERTIONS = NO;
				ENABLE_STRICT_OBJC_MSGSEND = YES;
				GCC_C_LANGUAGE_STANDARD = gnu11;
				GCC_NO_COMMON_BLOCKS = YES;
				GCC_WARN_64_TO_32_BIT_CONVERSION = YES;
				GCC_WARN_ABOUT_RETURN_TYPE = YES_ERROR;
				GCC_WARN_UNDECLARED_SELECTOR = YES;
				GCC_WARN_UNINITIALIZED_AUTOS = YES_AGGRESSIVE;
				GCC_WARN_UNUSED_FUNCTION = YES;
				GCC_WARN_UNUSED_VARIABLE = YES;
				INFOPLIST_PREFIX_HEADER = Plist/Prefix;
				INFOPLIST_PREPROCESS = YES;
				IPHONEOS_DEPLOYMENT_TARGET = 16.0;
				MTL_ENABLE_DEBUG_INFO = NO;
				MTL_FAST_MATH = YES;
				SDKROOT = iphoneos;
				SWIFT_COMPILATION_MODE = wholemodule;
				SWIFT_OPTIMIZATION_LEVEL = "-O";
				VALIDATE_PRODUCT = YES;
			};
			name = Release;
		};
		7555FFA6242A565B00829871 /* Debug */ = {
			isa = XCBuildConfiguration;
			buildSettings = {
				ASSETCATALOG_COMPILER_APPICON_NAME = AppIcon;
				CODE_SIGN_STYLE = Automatic;
				CURRENT_PROJECT_VERSION = 1;
				DEVELOPMENT_ASSET_PATHS = "\"Preview Content\"";
				DEVELOPMENT_TEAM = Q7CUB3RNAK;
				ENABLE_PREVIEWS = YES;
				FRAMEWORK_SEARCH_PATHS = "$(SRCROOT)/../shared/build/xcode-frameworks/$(CONFIGURATION)/$(SDK_NAME)";
				INFOPLIST_FILE = Info.plist;
				INFOPLIST_KEY_CFBundleDisplayName = FeedFlow;
				INFOPLIST_PREFIX_HEADER = Plist/Prefix;
				INFOPLIST_PREPROCESS = YES;
				LD_RUNPATH_SEARCH_PATHS = (
					"$(inherited)",
					"@executable_path/Frameworks",
				);
				MARKETING_VERSION = 0.0.1;
				OTHER_LDFLAGS = (
					"$(inherited)",
					"-framework",
					shared,
					"-lsqlite3",
				);
				PRODUCT_BUNDLE_IDENTIFIER = com.prof18.feedflow;
				PRODUCT_NAME = "$(TARGET_NAME)";
				SWIFT_VERSION = 5.0;
				TARGETED_DEVICE_FAMILY = "1,2";
			};
			name = Debug;
		};
		7555FFA7242A565B00829871 /* Release */ = {
			isa = XCBuildConfiguration;
			buildSettings = {
				ASSETCATALOG_COMPILER_APPICON_NAME = AppIcon;
				CODE_SIGN_IDENTITY = "Apple Development";
				CODE_SIGN_STYLE = Automatic;
				CURRENT_PROJECT_VERSION = 1;
				DEVELOPMENT_ASSET_PATHS = "\"Preview Content\"";
				DEVELOPMENT_TEAM = Q7CUB3RNAK;
				ENABLE_PREVIEWS = YES;
				FRAMEWORK_SEARCH_PATHS = "$(SRCROOT)/../shared/build/xcode-frameworks/$(CONFIGURATION)/$(SDK_NAME)";
				INFOPLIST_FILE = Info.plist;
				INFOPLIST_KEY_CFBundleDisplayName = FeedFlow;
				INFOPLIST_PREFIX_HEADER = Plist/Prefix;
				INFOPLIST_PREPROCESS = YES;
				LD_RUNPATH_SEARCH_PATHS = (
					"$(inherited)",
					"@executable_path/Frameworks",
				);
				MARKETING_VERSION = 0.0.1;
				OTHER_LDFLAGS = (
					"$(inherited)",
					"-framework",
					shared,
					"-lsqlite3",
				);
				PRODUCT_BUNDLE_IDENTIFIER = com.prof18.feedflow;
				PRODUCT_NAME = "$(TARGET_NAME)";
				PROVISIONING_PROFILE_SPECIFIER = "";
				SWIFT_VERSION = 5.0;
				TARGETED_DEVICE_FAMILY = "1,2";
			};
			name = Release;
		};
		CC36F68229DF478100B3EB62 /* Debug */ = {
			isa = XCBuildConfiguration;
			buildSettings = {
				CODE_SIGN_STYLE = Automatic;
				DEVELOPMENT_TEAM = Q7CUB3RNAK;
				PRODUCT_NAME = "$(TARGET_NAME)";
			};
			name = Debug;
		};
		CC36F68329DF478100B3EB62 /* Release */ = {
			isa = XCBuildConfiguration;
			buildSettings = {
				CODE_SIGN_STYLE = Automatic;
				DEVELOPMENT_TEAM = Q7CUB3RNAK;
				PRODUCT_NAME = "$(TARGET_NAME)";
			};
			name = Release;
		};
/* End XCBuildConfiguration section */

/* Begin XCConfigurationList section */
		7555FF76242A565900829871 /* Build configuration list for PBXProject "FeedFlow" */ = {
			isa = XCConfigurationList;
			buildConfigurations = (
				7555FFA3242A565B00829871 /* Debug */,
				7555FFA4242A565B00829871 /* Release */,
			);
			defaultConfigurationIsVisible = 0;
			defaultConfigurationName = Release;
		};
		7555FFA5242A565B00829871 /* Build configuration list for PBXNativeTarget "FeedFlow" */ = {
			isa = XCConfigurationList;
			buildConfigurations = (
				7555FFA6242A565B00829871 /* Debug */,
				7555FFA7242A565B00829871 /* Release */,
			);
			defaultConfigurationIsVisible = 0;
			defaultConfigurationName = Release;
		};
		CC36F68129DF478100B3EB62 /* Build configuration list for PBXAggregateTarget "VersionGenerator" */ = {
			isa = XCConfigurationList;
			buildConfigurations = (
				CC36F68229DF478100B3EB62 /* Debug */,
				CC36F68329DF478100B3EB62 /* Release */,
			);
			defaultConfigurationIsVisible = 0;
			defaultConfigurationName = Release;
		};
/* End XCConfigurationList section */

/* Begin XCRemoteSwiftPackageReference section */
		CC23293A29D85208005D0E06 /* XCRemoteSwiftPackageReference "SwiftSoup" */ = {
			isa = XCRemoteSwiftPackageReference;
			repositoryURL = "https://github.com/scinfu/SwiftSoup";
			requirement = {
				kind = exactVersion;
				version = 2.5.3;
			};
		};
		CC323E0E29D2239300138233 /* XCRemoteSwiftPackageReference "KMP-NativeCoroutines" */ = {
			isa = XCRemoteSwiftPackageReference;
			repositoryURL = "https://github.com/rickclephas/KMP-NativeCoroutines.git";
			requirement = {
				kind = exactVersion;
				version = "1.0.0-ALPHA-17";
			};
		};
		CC4B803929D98BB20004A0AB /* XCRemoteSwiftPackageReference "Nuke" */ = {
			isa = XCRemoteSwiftPackageReference;
			repositoryURL = "https://github.com/kean/Nuke";
			requirement = {
				kind = exactVersion;
				version = 12.1.0;
			};
		};
		CC4B803E29D9A31E0004A0AB /* XCRemoteSwiftPackageReference "swift-collections" */ = {
			isa = XCRemoteSwiftPackageReference;
			repositoryURL = "https://github.com/apple/swift-collections.git";
			requirement = {
				kind = exactVersion;
				version = 1.0.4;
			};
		};
		CCEA11BC2A6D2BA600C661AC /* XCRemoteSwiftPackageReference "firebase-ios-sdk" */ = {
			isa = XCRemoteSwiftPackageReference;
			repositoryURL = "https://github.com/firebase/firebase-ios-sdk";
			requirement = {
				kind = exactVersion;
				version = 10.12.0;
			};
		};
/* End XCRemoteSwiftPackageReference section */

/* Begin XCSwiftPackageProductDependency section */
		CC23293B29D85208005D0E06 /* SwiftSoup */ = {
			isa = XCSwiftPackageProductDependency;
			package = CC23293A29D85208005D0E06 /* XCRemoteSwiftPackageReference "SwiftSoup" */;
			productName = SwiftSoup;
		};
		CC323E0F29D2239300138233 /* KMPNativeCoroutinesAsync */ = {
			isa = XCSwiftPackageProductDependency;
			package = CC323E0E29D2239300138233 /* XCRemoteSwiftPackageReference "KMP-NativeCoroutines" */;
			productName = KMPNativeCoroutinesAsync;
		};
		CC323E1129D2239300138233 /* KMPNativeCoroutinesCore */ = {
			isa = XCSwiftPackageProductDependency;
			package = CC323E0E29D2239300138233 /* XCRemoteSwiftPackageReference "KMP-NativeCoroutines" */;
			productName = KMPNativeCoroutinesCore;
		};
		CC4B803A29D98BB20004A0AB /* Nuke */ = {
			isa = XCSwiftPackageProductDependency;
			package = CC4B803929D98BB20004A0AB /* XCRemoteSwiftPackageReference "Nuke" */;
			productName = Nuke;
		};
		CC4B803C29D98BB20004A0AB /* NukeUI */ = {
			isa = XCSwiftPackageProductDependency;
			package = CC4B803929D98BB20004A0AB /* XCRemoteSwiftPackageReference "Nuke" */;
			productName = NukeUI;
		};
		CC4B803F29D9A31E0004A0AB /* Collections */ = {
			isa = XCSwiftPackageProductDependency;
			package = CC4B803E29D9A31E0004A0AB /* XCRemoteSwiftPackageReference "swift-collections" */;
			productName = Collections;
		};
		CC4B804129D9A31E0004A0AB /* OrderedCollections */ = {
			isa = XCSwiftPackageProductDependency;
			package = CC4B803E29D9A31E0004A0AB /* XCRemoteSwiftPackageReference "swift-collections" */;
			productName = OrderedCollections;
		};
		CCEA11BD2A6D2BA600C661AC /* FirebaseCrashlytics */ = {
			isa = XCSwiftPackageProductDependency;
			package = CCEA11BC2A6D2BA600C661AC /* XCRemoteSwiftPackageReference "firebase-ios-sdk" */;
			productName = FirebaseCrashlytics;
		};
/* End XCSwiftPackageProductDependency section */
	};
	rootObject = 7555FF73242A565900829871 /* Project object */;
}
