// !$*UTF8*$!
{
	archiveVersion = 1;
	classes = {
	};
	objectVersion = 71;
	objects = {

/* Begin PBXAggregateTarget section */
		CC36F68029DF478100B3EB62 /* VersionGenerator */ = {
			isa = PBXAggregateTarget;
			buildConfigurationList = CC36F68129DF478100B3EB62 /* Build configuration list for PBXAggregateTarget "VersionGenerator" */;
			buildPhases = (
				CC36F68429DF478C00B3EB62 /* Generate Version */,
			);
			dependencies = (
			);
			name = VersionGenerator;
			productName = VersionGenerator;
		};
/* End PBXAggregateTarget section */

/* Begin PBXBuildFile section */
		058557D9273AAEEB004C7B11 /* Preview Assets.xcassets in Resources */ = {isa = PBXBuildFile; fileRef = 058557D8273AAEEB004C7B11 /* Preview Assets.xcassets */; };
		132B595E2DB28E8D0005D0D7 /* Reader in Frameworks */ = {isa = PBXBuildFile; productRef = 132B595D2DB28E8D0005D0D7 /* Reader */; };
		133E7E312E4F2BD800B2232E /* TelemetryDeck in Frameworks */ = {isa = PBXBuildFile; productRef = 133E7E302E4F2BD800B2232E /* TelemetryDeck */; };
		1378B0432D735968004E9424 /* SwiftyDropbox in Frameworks */ = {isa = PBXBuildFile; productRef = 1378B0422D735968004E9424 /* SwiftyDropbox */; };
		1378B0452D735977004E9424 /* SwiftSoup in Frameworks */ = {isa = PBXBuildFile; productRef = 1378B0442D735977004E9424 /* SwiftSoup */; };
		13929EA32D7345F0003752AE /* ShareExtension.appex in Embed Foundation Extensions */ = {isa = PBXBuildFile; fileRef = 13929E992D7345F0003752AE /* ShareExtension.appex */; settings = {ATTRIBUTES = (RemoveHeadersOnCopy, ); }; };
		13929EB52D734E6E003752AE /* FirebaseCrashlytics in Frameworks */ = {isa = PBXBuildFile; productRef = 13929EB42D734E6E003752AE /* FirebaseCrashlytics */; };
		13929EB72D734E95003752AE /* FirebaseCrashlytics in Frameworks */ = {isa = PBXBuildFile; productRef = 13929EB62D734E95003752AE /* FirebaseCrashlytics */; };
		139C09DC2C668E3700A5E3E8 /* Collections in Frameworks */ = {isa = PBXBuildFile; productRef = CC4B803F29D9A31E0004A0AB /* Collections */; };
		139C09DD2C668E3700A5E3E8 /* OrderedCollections in Frameworks */ = {isa = PBXBuildFile; productRef = CC4B804129D9A31E0004A0AB /* OrderedCollections */; };
		13A571E72D747F0600F0FFB0 /* WidgetKit.framework in Frameworks */ = {isa = PBXBuildFile; fileRef = 13A571E62D747F0600F0FFB0 /* WidgetKit.framework */; };
		13A571E92D747F0600F0FFB0 /* SwiftUI.framework in Frameworks */ = {isa = PBXBuildFile; fileRef = 13A571E82D747F0600F0FFB0 /* SwiftUI.framework */; };
		13A571F42D747F0700F0FFB0 /* WidgetExtension.appex in Embed Foundation Extensions */ = {isa = PBXBuildFile; fileRef = 13A571E52D747F0600F0FFB0 /* WidgetExtension.appex */; settings = {ATTRIBUTES = (RemoveHeadersOnCopy, ); }; };
		13A571FF2D7486D300F0FFB0 /* SwiftyDropbox in Frameworks */ = {isa = PBXBuildFile; productRef = 13A571FE2D7486D300F0FFB0 /* SwiftyDropbox */; };
		13A572012D7486E300F0FFB0 /* SwiftSoup in Frameworks */ = {isa = PBXBuildFile; productRef = 13A572002D7486E300F0FFB0 /* SwiftSoup */; };
		13A572032D7486F700F0FFB0 /* FirebaseCrashlytics in Frameworks */ = {isa = PBXBuildFile; productRef = 13A572022D7486F700F0FFB0 /* FirebaseCrashlytics */; };
		13A572052D74870A00F0FFB0 /* Nuke in Frameworks */ = {isa = PBXBuildFile; productRef = 13A572042D74870A00F0FFB0 /* Nuke */; };
		CC0799422C29B74600067E06 /* SwiftyDropbox in Frameworks */ = {isa = PBXBuildFile; productRef = CC0799412C29B74600067E06 /* SwiftyDropbox */; };
		CC1AA1FA2C0E178F00BE9C07 /* GoogleService-Info-dev.plist in Resources */ = {isa = PBXBuildFile; fileRef = CC1AA1F92C0E178F00BE9C07 /* GoogleService-Info-dev.plist */; };
		CC21E74D2BED7F980001F160 /* PrivacyInfo.xcprivacy in Resources */ = {isa = PBXBuildFile; fileRef = CC21E74C2BED7F980001F160 /* PrivacyInfo.xcprivacy */; };
		CC23293029D63038005D0E06 /* commonMain in Resources */ = {isa = PBXBuildFile; fileRef = CC23292E29D63038005D0E06 /* commonMain */; };
		CC23293129D63038005D0E06 /* iosMain in Resources */ = {isa = PBXBuildFile; fileRef = CC23292F29D63038005D0E06 /* iosMain */; };
		CC23293C29D85208005D0E06 /* SwiftSoup in Frameworks */ = {isa = PBXBuildFile; productRef = CC23293B29D85208005D0E06 /* SwiftSoup */; };
		CC4B803B29D98BB20004A0AB /* Nuke in Frameworks */ = {isa = PBXBuildFile; productRef = CC4B803A29D98BB20004A0AB /* Nuke */; };
		CC4B803D29D98BB20004A0AB /* NukeUI in Frameworks */ = {isa = PBXBuildFile; productRef = CC4B803C29D98BB20004A0AB /* NukeUI */; };
		CCEA11BB2A6D2AC300C661AC /* GoogleService-Info.plist in Resources */ = {isa = PBXBuildFile; fileRef = CCEA11BA2A6D2AC300C661AC /* GoogleService-Info.plist */; };
		CCEBF1422E2CFEDD004CE2B2 /* TelemetryDeck in Frameworks */ = {isa = PBXBuildFile; productRef = CCEBF1412E2CFEDD004CE2B2 /* TelemetryDeck */; };
/* End PBXBuildFile section */

/* Begin PBXContainerItemProxy section */
		13929EA12D7345F0003752AE /* PBXContainerItemProxy */ = {
			isa = PBXContainerItemProxy;
			containerPortal = 7555FF73242A565900829871 /* Project object */;
			proxyType = 1;
			remoteGlobalIDString = 13929E982D7345F0003752AE;
			remoteInfo = ShareExtension;
		};
		13A564EC2D74728000F0FFB0 /* PBXContainerItemProxy */ = {
			isa = PBXContainerItemProxy;
			containerPortal = 7555FF73242A565900829871 /* Project object */;
			proxyType = 1;
			remoteGlobalIDString = CC36F68029DF478100B3EB62;
			remoteInfo = VersionGenerator;
		};
		13A571F22D747F0700F0FFB0 /* PBXContainerItemProxy */ = {
			isa = PBXContainerItemProxy;
			containerPortal = 7555FF73242A565900829871 /* Project object */;
			proxyType = 1;
			remoteGlobalIDString = 13A571E42D747F0600F0FFB0;
			remoteInfo = WidgetExtension;
		};
		13A572FF2D78D63C00F0FFB0 /* PBXContainerItemProxy */ = {
			isa = PBXContainerItemProxy;
			containerPortal = 7555FF73242A565900829871 /* Project object */;
			proxyType = 1;
			remoteGlobalIDString = CC36F68029DF478100B3EB62;
			remoteInfo = VersionGenerator;
		};
		CC36F68529DF47D800B3EB62 /* PBXContainerItemProxy */ = {
			isa = PBXContainerItemProxy;
			containerPortal = 7555FF73242A565900829871 /* Project object */;
			proxyType = 1;
			remoteGlobalIDString = CC36F68029DF478100B3EB62;
			remoteInfo = VersionGenerator;
		};
/* End PBXContainerItemProxy section */

/* Begin PBXCopyFilesBuildPhase section */
		13929EA82D7345F0003752AE /* Embed Foundation Extensions */ = {
			isa = PBXCopyFilesBuildPhase;
			buildActionMask = 2147483647;
			dstPath = "";
			dstSubfolderSpec = 13;
			files = (
				13A571F42D747F0700F0FFB0 /* WidgetExtension.appex in Embed Foundation Extensions */,
				13929EA32D7345F0003752AE /* ShareExtension.appex in Embed Foundation Extensions */,
			);
			name = "Embed Foundation Extensions";
			runOnlyForDeploymentPostprocessing = 0;
		};
		7555FFB4242A642300829871 /* Embed Frameworks */ = {
			isa = PBXCopyFilesBuildPhase;
			buildActionMask = 2147483647;
			dstPath = "";
			dstSubfolderSpec = 10;
			files = (
			);
			name = "Embed Frameworks";
			runOnlyForDeploymentPostprocessing = 0;
		};
/* End PBXCopyFilesBuildPhase section */

/* Begin PBXFileReference section */
		058557D8273AAEEB004C7B11 /* Preview Assets.xcassets */ = {isa = PBXFileReference; lastKnownFileType = folder.assetcatalog; path = "Preview Assets.xcassets"; sourceTree = "<group>"; };
		132B595C2DB28E500005D0D7 /* Reader */ = {isa = PBXFileReference; lastKnownFileType = wrapper; path = Reader; sourceTree = "<group>"; };
		13929E992D7345F0003752AE /* ShareExtension.appex */ = {isa = PBXFileReference; explicitFileType = "wrapper.app-extension"; includeInIndex = 0; path = ShareExtension.appex; sourceTree = BUILT_PRODUCTS_DIR; };
		13A571E52D747F0600F0FFB0 /* WidgetExtension.appex */ = {isa = PBXFileReference; explicitFileType = "wrapper.app-extension"; includeInIndex = 0; path = WidgetExtension.appex; sourceTree = BUILT_PRODUCTS_DIR; };
		13A571E62D747F0600F0FFB0 /* WidgetKit.framework */ = {isa = PBXFileReference; lastKnownFileType = wrapper.framework; name = WidgetKit.framework; path = System/Library/Frameworks/WidgetKit.framework; sourceTree = SDKROOT; };
		13A571E82D747F0600F0FFB0 /* SwiftUI.framework */ = {isa = PBXFileReference; lastKnownFileType = wrapper.framework; name = SwiftUI.framework; path = System/Library/Frameworks/SwiftUI.framework; sourceTree = SDKROOT; };
		13A5720A2D748E7100F0FFB0 /* WidgetExtension.entitlements */ = {isa = PBXFileReference; lastKnownFileType = text.plist.entitlements; path = WidgetExtension.entitlements; sourceTree = "<group>"; };
		7555FF7B242A565900829871 /* FeedFlow.app */ = {isa = PBXFileReference; explicitFileType = wrapper.application; includeInIndex = 0; path = FeedFlow.app; sourceTree = BUILT_PRODUCTS_DIR; };
		7555FF8C242A565B00829871 /* Info.plist */ = {isa = PBXFileReference; lastKnownFileType = text.plist; path = Info.plist; sourceTree = "<group>"; };
		CC1AA1F92C0E178F00BE9C07 /* GoogleService-Info-dev.plist */ = {isa = PBXFileReference; fileEncoding = 4; lastKnownFileType = text.plist.xml; path = "GoogleService-Info-dev.plist"; sourceTree = "<group>"; };
		CC21E74C2BED7F980001F160 /* PrivacyInfo.xcprivacy */ = {isa = PBXFileReference; lastKnownFileType = text.xml; path = PrivacyInfo.xcprivacy; sourceTree = "<group>"; };
		CC23292E29D63038005D0E06 /* commonMain */ = {isa = PBXFileReference; lastKnownFileType = folder; name = commonMain; path = ../../shared/src/commonMain; sourceTree = "<group>"; };
		CC23292F29D63038005D0E06 /* iosMain */ = {isa = PBXFileReference; lastKnownFileType = folder; name = iosMain; path = ../../shared/src/iosMain; sourceTree = "<group>"; };
		CCD494BA2C56B38500C54C8D /* FeedFlow.entitlements */ = {isa = PBXFileReference; lastKnownFileType = text.plist.entitlements; path = FeedFlow.entitlements; sourceTree = "<group>"; };
		CCEA11BA2A6D2AC300C661AC /* GoogleService-Info.plist */ = {isa = PBXFileReference; fileEncoding = 4; lastKnownFileType = text.plist.xml; path = "GoogleService-Info.plist"; sourceTree = "<group>"; };
/* End PBXFileReference section */

/* Begin PBXFileSystemSynchronizedBuildFileExceptionSet section */
		13929EA42D7345F0003752AE /* PBXFileSystemSynchronizedBuildFileExceptionSet */ = {
			isa = PBXFileSystemSynchronizedBuildFileExceptionSet;
			membershipExceptions = (
				Info.plist,
			);
			target = 13929E982D7345F0003752AE /* ShareExtension */;
		};
		13929EB22D734CC9003752AE /* PBXFileSystemSynchronizedBuildFileExceptionSet */ = {
			isa = PBXFileSystemSynchronizedBuildFileExceptionSet;
			membershipExceptions = (
				Accounts/Dropbox/Data/DropboxDataSourceIos.swift,
				Accounts/Dropbox/Data/DropboxErrors.swift,
				DI/Koin.swift,
				UI/Style/Spacing.swift,
				Utils/IosHtmlParser.swift,
				Utils/IOSNotifier.swift,
				Utils/TelemetryReporter.swift,
				Utils/VMStoreOwner.swift,
			);
			target = 13929E982D7345F0003752AE /* ShareExtension */;
		};
		13A571F52D747F0700F0FFB0 /* PBXFileSystemSynchronizedBuildFileExceptionSet */ = {
			isa = PBXFileSystemSynchronizedBuildFileExceptionSet;
			membershipExceptions = (
				Info.plist,
			);
			target = 13A571E42D747F0600F0FFB0 /* WidgetExtension */;
		};
		13A571FA2D74865B00F0FFB0 /* PBXFileSystemSynchronizedBuildFileExceptionSet */ = {
			isa = PBXFileSystemSynchronizedBuildFileExceptionSet;
			membershipExceptions = (
				Accounts/Dropbox/Data/DropboxDataSourceIos.swift,
				Accounts/Dropbox/Data/DropboxErrors.swift,
				UI/Style/Spacing.swift,
				Utils/IosHtmlParser.swift,
			);
			target = 13A571E42D747F0600F0FFB0 /* WidgetExtension */;
		};
/* End PBXFileSystemSynchronizedBuildFileExceptionSet section */

/* Begin PBXFileSystemSynchronizedRootGroup section */
		13929E9A2D7345F0003752AE /* ShareExtension */ = {isa = PBXFileSystemSynchronizedRootGroup; exceptions = (13929EA42D7345F0003752AE /* PBXFileSystemSynchronizedBuildFileExceptionSet */, ); explicitFileTypes = {}; explicitFolders = (); path = ShareExtension; sourceTree = "<group>"; };
		13A571EA2D747F0600F0FFB0 /* Widget */ = {isa = PBXFileSystemSynchronizedRootGroup; exceptions = (13A571F52D747F0700F0FFB0 /* PBXFileSystemSynchronizedBuildFileExceptionSet */, ); explicitFileTypes = {}; explicitFolders = (); path = Widget; sourceTree = "<group>"; };
		CC6B8A282CCE8B5600847E7F /* Source */ = {isa = PBXFileSystemSynchronizedRootGroup; exceptions = (13929EB22D734CC9003752AE /* PBXFileSystemSynchronizedBuildFileExceptionSet */, 13A571FA2D74865B00F0FFB0 /* PBXFileSystemSynchronizedBuildFileExceptionSet */, ); explicitFileTypes = {}; explicitFolders = (); path = Source; sourceTree = "<group>"; };
		CC6B8A692CCE8B8800847E7F /* Assets */ = {isa = PBXFileSystemSynchronizedRootGroup; explicitFileTypes = {}; explicitFolders = (); path = Assets; sourceTree = "<group>"; };
/* End PBXFileSystemSynchronizedRootGroup section */

/* Begin PBXFrameworksBuildPhase section */
		13929E962D7345F0003752AE /* Frameworks */ = {
			isa = PBXFrameworksBuildPhase;
			buildActionMask = 2147483647;
			files = (
				13929EB72D734E95003752AE /* FirebaseCrashlytics in Frameworks */,
				1378B0432D735968004E9424 /* SwiftyDropbox in Frameworks */,
				1378B0452D735977004E9424 /* SwiftSoup in Frameworks */,
				133E7E312E4F2BD800B2232E /* TelemetryDeck in Frameworks */,
			);
			runOnlyForDeploymentPostprocessing = 0;
		};
		13A571E22D747F0600F0FFB0 /* Frameworks */ = {
			isa = PBXFrameworksBuildPhase;
			buildActionMask = 2147483647;
			files = (
				13A571E92D747F0600F0FFB0 /* SwiftUI.framework in Frameworks */,
				13A572012D7486E300F0FFB0 /* SwiftSoup in Frameworks */,
				13A572032D7486F700F0FFB0 /* FirebaseCrashlytics in Frameworks */,
				13A572052D74870A00F0FFB0 /* Nuke in Frameworks */,
				13A571E72D747F0600F0FFB0 /* WidgetKit.framework in Frameworks */,
				13A571FF2D7486D300F0FFB0 /* SwiftyDropbox in Frameworks */,
			);
			runOnlyForDeploymentPostprocessing = 0;
		};
		7555FF78242A565900829871 /* Frameworks */ = {
			isa = PBXFrameworksBuildPhase;
			buildActionMask = 2147483647;
			files = (
				139C09DD2C668E3700A5E3E8 /* OrderedCollections in Frameworks */,
				132B595E2DB28E8D0005D0D7 /* Reader in Frameworks */,
				139C09DC2C668E3700A5E3E8 /* Collections in Frameworks */,
				CC4B803D29D98BB20004A0AB /* NukeUI in Frameworks */,
				CC23293C29D85208005D0E06 /* SwiftSoup in Frameworks */,
				13929EB52D734E6E003752AE /* FirebaseCrashlytics in Frameworks */,
				CC4B803B29D98BB20004A0AB /* Nuke in Frameworks */,
				CC0799422C29B74600067E06 /* SwiftyDropbox in Frameworks */,
				CCEBF1422E2CFEDD004CE2B2 /* TelemetryDeck in Frameworks */,
			);
			runOnlyForDeploymentPostprocessing = 0;
		};
/* End PBXFrameworksBuildPhase section */

/* Begin PBXGroup section */
		058557D7273AAEEB004C7B11 /* Preview Content */ = {
			isa = PBXGroup;
			children = (
				058557D8273AAEEB004C7B11 /* Preview Assets.xcassets */,
			);
			path = "Preview Content";
			sourceTree = "<group>";
		};
		132B595B2DB28E3A0005D0D7 /* Packages */ = {
			isa = PBXGroup;
			children = (
				132B595C2DB28E500005D0D7 /* Reader */,
			);
			path = Packages;
			sourceTree = "<group>";
		};
		7555FF72242A565900829871 = {
			isa = PBXGroup;
			children = (
				132B595B2DB28E3A0005D0D7 /* Packages */,
				13A5720A2D748E7100F0FFB0 /* WidgetExtension.entitlements */,
				CCD494BA2C56B38500C54C8D /* FeedFlow.entitlements */,
				CC21E74C2BED7F980001F160 /* PrivacyInfo.xcprivacy */,
				CC6B8A692CCE8B8800847E7F /* Assets */,
				CC23292D29D62FE2005D0E06 /* Kotlin */,
				CC6B8A282CCE8B5600847E7F /* Source */,
				7555FF8C242A565B00829871 /* Info.plist */,
				CCEA11BA2A6D2AC300C661AC /* GoogleService-Info.plist */,
				CC1AA1F92C0E178F00BE9C07 /* GoogleService-Info-dev.plist */,
				058557D7273AAEEB004C7B11 /* Preview Content */,
				13929E9A2D7345F0003752AE /* ShareExtension */,
				13A571EA2D747F0600F0FFB0 /* Widget */,
				7555FF7C242A565900829871 /* Products */,
				7555FFB0242A642200829871 /* Frameworks */,
				D9A201890E050A39547A1B1E /* xcschemes */,
			);
			sourceTree = "<group>";
		};
		7555FF7C242A565900829871 /* Products */ = {
			isa = PBXGroup;
			children = (
				7555FF7B242A565900829871 /* FeedFlow.app */,
				13929E992D7345F0003752AE /* ShareExtension.appex */,
				13A571E52D747F0600F0FFB0 /* WidgetExtension.appex */,
			);
			name = Products;
			sourceTree = "<group>";
		};
		7555FFB0242A642200829871 /* Frameworks */ = {
			isa = PBXGroup;
			children = (
				13A571E62D747F0600F0FFB0 /* WidgetKit.framework */,
				13A571E82D747F0600F0FFB0 /* SwiftUI.framework */,
			);
			name = Frameworks;
			sourceTree = "<group>";
		};
		CC23292D29D62FE2005D0E06 /* Kotlin */ = {
			isa = PBXGroup;
			children = (
				CC23292E29D63038005D0E06 /* commonMain */,
				CC23292F29D63038005D0E06 /* iosMain */,
			);
			path = Kotlin;
			sourceTree = "<group>";
		};
		D9A201890E050A39547A1B1E /* xcschemes */ = {
			isa = PBXGroup;
			children = (
			);
			name = xcschemes;
			path = FeedFlow.xcodeproj/project.xcworkspace/xcuserdata/mg.xcuserdatad/xcschemes;
			sourceTree = "<group>";
		};
/* End PBXGroup section */

/* Begin PBXNativeTarget section */
		13929E982D7345F0003752AE /* ShareExtension */ = {
			isa = PBXNativeTarget;
			buildConfigurationList = 13929EA52D7345F0003752AE /* Build configuration list for PBXNativeTarget "ShareExtension" */;
			buildPhases = (
				13929EAA2D734741003752AE /* ShellScript */,
				13929E952D7345F0003752AE /* Sources */,
				13929E962D7345F0003752AE /* Frameworks */,
				13929E972D7345F0003752AE /* Resources */,
			);
			buildRules = (
			);
			dependencies = (
				13A564ED2D74728000F0FFB0 /* PBXTargetDependency */,
			);
			fileSystemSynchronizedGroups = (
				13929E9A2D7345F0003752AE /* ShareExtension */,
			);
			name = ShareExtension;
			packageProductDependencies = (
				13929EB62D734E95003752AE /* FirebaseCrashlytics */,
				1378B0422D735968004E9424 /* SwiftyDropbox */,
				1378B0442D735977004E9424 /* SwiftSoup */,
				133E7E302E4F2BD800B2232E /* TelemetryDeck */,
			);
			productName = ShareExtension;
			productReference = 13929E992D7345F0003752AE /* ShareExtension.appex */;
			productType = "com.apple.product-type.app-extension";
		};
		13A571E42D747F0600F0FFB0 /* WidgetExtension */ = {
			isa = PBXNativeTarget;
			buildConfigurationList = 13A571F62D747F0700F0FFB0 /* Build configuration list for PBXNativeTarget "WidgetExtension" */;
			buildPhases = (
				13A573012D78D64C00F0FFB0 /* ShellScript */,
				13A571E12D747F0600F0FFB0 /* Sources */,
				13A571E22D747F0600F0FFB0 /* Frameworks */,
				13A571E32D747F0600F0FFB0 /* Resources */,
			);
			buildRules = (
			);
			dependencies = (
				13A573002D78D63C00F0FFB0 /* PBXTargetDependency */,
			);
			fileSystemSynchronizedGroups = (
				13A571EA2D747F0600F0FFB0 /* Widget */,
			);
			name = WidgetExtension;
			packageProductDependencies = (
				13A571FE2D7486D300F0FFB0 /* SwiftyDropbox */,
				13A572002D7486E300F0FFB0 /* SwiftSoup */,
				13A572022D7486F700F0FFB0 /* FirebaseCrashlytics */,
				13A572042D74870A00F0FFB0 /* Nuke */,
			);
			productName = WidgetExtension;
			productReference = 13A571E52D747F0600F0FFB0 /* WidgetExtension.appex */;
			productType = "com.apple.product-type.app-extension";
		};
		7555FF7A242A565900829871 /* FeedFlow */ = {
			isa = PBXNativeTarget;
			buildConfigurationList = 7555FFA5242A565B00829871 /* Build configuration list for PBXNativeTarget "FeedFlow" */;
			buildPhases = (
				7555FFB5242A651A00829871 /* ShellScript */,
				7555FF77242A565900829871 /* Sources */,
				7555FF78242A565900829871 /* Frameworks */,
				7555FF79242A565900829871 /* Resources */,
				13929EA82D7345F0003752AE /* Embed Foundation Extensions */,
				7555FFB4242A642300829871 /* Embed Frameworks */,
				CCEA11BF2A6D2C6600C661AC /* Crashlytics */,
				CCEA11C12A6D454C00C661AC /* Crashlytics KMP */,
			);
			buildRules = (
			);
			dependencies = (
				CC36F68629DF47D800B3EB62 /* PBXTargetDependency */,
				13929EA22D7345F0003752AE /* PBXTargetDependency */,
				13A571F32D747F0700F0FFB0 /* PBXTargetDependency */,
			);
			fileSystemSynchronizedGroups = (
				CC6B8A282CCE8B5600847E7F /* Source */,
				CC6B8A692CCE8B8800847E7F /* Assets */,
			);
			name = FeedFlow;
			packageProductDependencies = (
				CC23293B29D85208005D0E06 /* SwiftSoup */,
				CC4B803A29D98BB20004A0AB /* Nuke */,
				CC4B803C29D98BB20004A0AB /* NukeUI */,
				CC4B803F29D9A31E0004A0AB /* Collections */,
				CC4B804129D9A31E0004A0AB /* OrderedCollections */,
				CC0799412C29B74600067E06 /* SwiftyDropbox */,
				13929EB42D734E6E003752AE /* FirebaseCrashlytics */,
				132B595D2DB28E8D0005D0D7 /* Reader */,
				CCEBF1412E2CFEDD004CE2B2 /* TelemetryDeck */,
			);
			productName = iosApp;
			productReference = 7555FF7B242A565900829871 /* FeedFlow.app */;
			productType = "com.apple.product-type.application";
		};
/* End PBXNativeTarget section */

/* Begin PBXProject section */
		7555FF73242A565900829871 /* Project object */ = {
			isa = PBXProject;
			attributes = {
				BuildIndependentTargetsInParallel = YES;
				LastSwiftUpdateCheck = 1620;
				LastUpgradeCheck = 1430;
				ORGANIZATIONNAME = FeedFlow;
				TargetAttributes = {
					13929E982D7345F0003752AE = {
						CreatedOnToolsVersion = 16.2;
					};
					13A571E42D747F0600F0FFB0 = {
						CreatedOnToolsVersion = 16.2;
					};
					7555FF7A242A565900829871 = {
						CreatedOnToolsVersion = 11.3.1;
					};
					CC36F68029DF478100B3EB62 = {
						CreatedOnToolsVersion = 14.3;
					};
				};
			};
			buildConfigurationList = 7555FF76242A565900829871 /* Build configuration list for PBXProject "FeedFlow" */;
			compatibilityVersion = "Xcode 9.3";
			developmentRegion = en;
			hasScannedForEncodings = 0;
			knownRegions = (
				en,
				no,
				de,
				fr,
				hu,
				it,
				nb,
				pl,
				sk,
				Base,
				"pt-BR",
				es,
				"zh-Hans",
				ru,
				et,
				gl,
				bg,
				vi,
				ta,
				he,
				uk,
				ja,
				cs,
				lv,
				tr,
			);
			mainGroup = 7555FF72242A565900829871;
			packageReferences = (
				CC23293A29D85208005D0E06 /* XCRemoteSwiftPackageReference "SwiftSoup" */,
				CC4B803929D98BB20004A0AB /* XCRemoteSwiftPackageReference "Nuke" */,
				CC4B803E29D9A31E0004A0AB /* XCRemoteSwiftPackageReference "swift-collections" */,
				CC0799402C29B74600067E06 /* XCRemoteSwiftPackageReference "SwiftyDropbox" */,
				13929EB32D734E6E003752AE /* XCRemoteSwiftPackageReference "firebase-ios-sdk" */,
				CCEBF1402E2CFEDD004CE2B2 /* XCRemoteSwiftPackageReference "SwiftSDK" */,
			);
			productRefGroup = 7555FF7C242A565900829871 /* Products */;
			projectDirPath = "";
			projectRoot = "";
			targets = (
				7555FF7A242A565900829871 /* FeedFlow */,
				CC36F68029DF478100B3EB62 /* VersionGenerator */,
				13929E982D7345F0003752AE /* ShareExtension */,
				13A571E42D747F0600F0FFB0 /* WidgetExtension */,
			);
		};
/* End PBXProject section */

/* Begin PBXResourcesBuildPhase section */
		13929E972D7345F0003752AE /* Resources */ = {
			isa = PBXResourcesBuildPhase;
			buildActionMask = 2147483647;
			files = (
			);
			runOnlyForDeploymentPostprocessing = 0;
		};
		13A571E32D747F0600F0FFB0 /* Resources */ = {
			isa = PBXResourcesBuildPhase;
			buildActionMask = 2147483647;
			files = (
			);
			runOnlyForDeploymentPostprocessing = 0;
		};
		7555FF79242A565900829871 /* Resources */ = {
			isa = PBXResourcesBuildPhase;
			buildActionMask = 2147483647;
			files = (
				CC23293029D63038005D0E06 /* commonMain in Resources */,
				058557D9273AAEEB004C7B11 /* Preview Assets.xcassets in Resources */,
				CC1AA1FA2C0E178F00BE9C07 /* GoogleService-Info-dev.plist in Resources */,
				CC23293129D63038005D0E06 /* iosMain in Resources */,
				CC21E74D2BED7F980001F160 /* PrivacyInfo.xcprivacy in Resources */,
				CCEA11BB2A6D2AC300C661AC /* GoogleService-Info.plist in Resources */,
			);
			runOnlyForDeploymentPostprocessing = 0;
		};
/* End PBXResourcesBuildPhase section */

/* Begin PBXShellScriptBuildPhase section */
		13929EAA2D734741003752AE /* ShellScript */ = {
			isa = PBXShellScriptBuildPhase;
			alwaysOutOfDate = 1;
			buildActionMask = 2147483647;
			files = (
			);
			inputFileListPaths = (
			);
			inputPaths = (
			);
			outputFileListPaths = (
			);
			outputPaths = (
			);
			runOnlyForDeploymentPostprocessing = 0;
			shellPath = /bin/sh;
			shellScript = "#cd \"$SRCROOT/..\"\n#./gradlew :shared:embedAndSignAppleFrameworkForXcode\n";
		};
		13A573012D78D64C00F0FFB0 /* ShellScript */ = {
			isa = PBXShellScriptBuildPhase;
			alwaysOutOfDate = 1;
			buildActionMask = 2147483647;
			files = (
			);
			inputFileListPaths = (
			);
			inputPaths = (
			);
			outputFileListPaths = (
			);
			outputPaths = (
				"",
			);
			runOnlyForDeploymentPostprocessing = 0;
			shellPath = /bin/sh;
			shellScript = "#cd \"$SRCROOT/..\"\n#./gradlew :shared:embedAndSignAppleFrameworkForXcode\n";
		};
		7555FFB5242A651A00829871 /* ShellScript */ = {
			isa = PBXShellScriptBuildPhase;
			alwaysOutOfDate = 1;
			buildActionMask = 2147483647;
			files = (
			);
			inputFileListPaths = (
			);
			inputPaths = (
			);
			outputFileListPaths = (
			);
			outputPaths = (
			);
			runOnlyForDeploymentPostprocessing = 0;
			shellPath = /bin/sh;
			shellScript = "#cd \"$SRCROOT/..\"\n#./gradlew :shared:embedAndSignAppleFrameworkForXcode\n";
		};
		CC36F68429DF478C00B3EB62 /* Generate Version */ = {
			isa = PBXShellScriptBuildPhase;
			buildActionMask = 2147483647;
			files = (
			);
			inputFileListPaths = (
			);
			inputPaths = (
			);
			name = "Generate Version";
			outputFileListPaths = (
			);
			outputPaths = (
				"$(SRCROOT)/Plist/Prefix",
			);
			runOnlyForDeploymentPostprocessing = 0;
			shellPath = /bin/sh;
			shellScript = "# Type a script or drag a script file from your workspace to insert its path.\n\"$SRCROOT\"/.scripts/version.sh\n";
		};
		CCEA11BF2A6D2C6600C661AC /* Crashlytics */ = {
			isa = PBXShellScriptBuildPhase;
			alwaysOutOfDate = 1;
			buildActionMask = 2147483647;
			files = (
			);
			inputFileListPaths = (
			);
			inputPaths = (
				"${DWARF_DSYM_FOLDER_PATH}/${DWARF_DSYM_FILE_NAME}",
				"${DWARF_DSYM_FOLDER_PATH}/${DWARF_DSYM_FILE_NAME}/Contents/Resources/DWARF/${PRODUCT_NAME}",
				"${DWARF_DSYM_FOLDER_PATH}/${DWARF_DSYM_FILE_NAME}/Contents/Info.plist",
				"$(TARGET_BUILD_DIR)/$(UNLOCALIZED_RESOURCES_FOLDER_PATH)/GoogleService-Info.plist",
				"$(TARGET_BUILD_DIR)/$(EXECUTABLE_PATH)",
			);
			name = Crashlytics;
			outputFileListPaths = (
			);
			outputPaths = (
			);
			runOnlyForDeploymentPostprocessing = 0;
			shellPath = /bin/sh;
			shellScript = "# Type a script or drag a script file from your workspace to insert its path.\nif [ \"${CONFIGURATION}\" = \"Release\" ]; then\n  \"${BUILD_DIR%/Build/*}/SourcePackages/checkouts/firebase-ios-sdk/Crashlytics/run\"\nfi\n\n";
		};
		CCEA11C12A6D454C00C661AC /* Crashlytics KMP */ = {
			isa = PBXShellScriptBuildPhase;
			alwaysOutOfDate = 1;
			buildActionMask = 2147483647;
			files = (
			);
			inputFileListPaths = (
			);
			inputPaths = (
			);
			name = "Crashlytics KMP";
			outputFileListPaths = (
			);
			outputPaths = (
			);
			runOnlyForDeploymentPostprocessing = 0;
			shellPath = /bin/sh;
			shellScript = "# Type a script or drag a script file from your workspace to insert its path.\nif [ \"${CONFIGURATION}\" = \"Release\" ]; then\n    find ../shared/build -name \"*.dSYM\" | xargs -I \\{\\} ${BUILD_DIR%/Build/*}/SourcePackages/checkouts/firebase-ios-sdk/Crashlytics/upload-symbols -gsp ${SRCROOT}/GoogleService-Info.plist -p ios \\{\\}\nfi\n";
		};
/* End PBXShellScriptBuildPhase section */

/* Begin PBXSourcesBuildPhase section */
		13929E952D7345F0003752AE /* Sources */ = {
			isa = PBXSourcesBuildPhase;
			buildActionMask = 2147483647;
			files = (
			);
			runOnlyForDeploymentPostprocessing = 0;
		};
		13A571E12D747F0600F0FFB0 /* Sources */ = {
			isa = PBXSourcesBuildPhase;
			buildActionMask = 2147483647;
			files = (
			);
			runOnlyForDeploymentPostprocessing = 0;
		};
		7555FF77242A565900829871 /* Sources */ = {
			isa = PBXSourcesBuildPhase;
			buildActionMask = 2147483647;
			files = (
			);
			runOnlyForDeploymentPostprocessing = 0;
		};
/* End PBXSourcesBuildPhase section */

/* Begin PBXTargetDependency section */
		13929EA22D7345F0003752AE /* PBXTargetDependency */ = {
			isa = PBXTargetDependency;
			target = 13929E982D7345F0003752AE /* ShareExtension */;
			targetProxy = 13929EA12D7345F0003752AE /* PBXContainerItemProxy */;
		};
		13A564ED2D74728000F0FFB0 /* PBXTargetDependency */ = {
			isa = PBXTargetDependency;
			target = CC36F68029DF478100B3EB62 /* VersionGenerator */;
			targetProxy = 13A564EC2D74728000F0FFB0 /* PBXContainerItemProxy */;
		};
		13A571F32D747F0700F0FFB0 /* PBXTargetDependency */ = {
			isa = PBXTargetDependency;
			target = 13A571E42D747F0600F0FFB0 /* WidgetExtension */;
			targetProxy = 13A571F22D747F0700F0FFB0 /* PBXContainerItemProxy */;
		};
		13A573002D78D63C00F0FFB0 /* PBXTargetDependency */ = {
			isa = PBXTargetDependency;
			target = CC36F68029DF478100B3EB62 /* VersionGenerator */;
			targetProxy = 13A572FF2D78D63C00F0FFB0 /* PBXContainerItemProxy */;
		};
		CC36F68629DF47D800B3EB62 /* PBXTargetDependency */ = {
			isa = PBXTargetDependency;
			platformFilter = ios;
			target = CC36F68029DF478100B3EB62 /* VersionGenerator */;
			targetProxy = CC36F68529DF47D800B3EB62 /* PBXContainerItemProxy */;
		};
/* End PBXTargetDependency section */

/* Begin XCBuildConfiguration section */
		13929EA62D7345F0003752AE /* Debug */ = {
			isa = XCBuildConfiguration;
			baseConfigurationReferenceAnchor = CC6B8A692CCE8B8800847E7F /* Assets */;
			baseConfigurationReferenceRelativePath = ShareExtension.xcconfig;
			buildSettings = {
				ASSETCATALOG_COMPILER_GENERATE_SWIFT_ASSET_SYMBOL_EXTENSIONS = YES;
				CLANG_CXX_LANGUAGE_STANDARD = "gnu++20";
				CODE_SIGN_ENTITLEMENTS = ShareExtension/ShareExtension.entitlements;
				CODE_SIGN_IDENTITY = "Apple Development";
				CODE_SIGN_STYLE = Automatic;
				DEBUG_INFORMATION_FORMAT = dwarf;
				DEVELOPMENT_TEAM = Q7CUB3RNAK;
				ENABLE_USER_SCRIPT_SANDBOXING = NO;
				FRAMEWORK_SEARCH_PATHS = "$(SRCROOT)/../shared/build/xcode-frameworks/$(CONFIGURATION)/$(SDK_NAME)";
				GCC_C_LANGUAGE_STANDARD = gnu17;
				GENERATE_INFOPLIST_FILE = NO;
				INFOPLIST_FILE = ShareExtension/Info.plist;
				INFOPLIST_KEY_CFBundleDisplayName = ShareExtension;
				INFOPLIST_KEY_NSHumanReadableCopyright = "Copyright © 2025 FeedFlow. All rights reserved.";
				INFOPLIST_PREFIX_HEADER = Plist/Prefix;
				INFOPLIST_PREPROCESS = YES;
				IPHONEOS_DEPLOYMENT_TARGET = 18.2;
				LD_RUNPATH_SEARCH_PATHS = (
					"$(inherited)",
					"@executable_path/Frameworks",
					"@executable_path/../../Frameworks",
				);
				LOCALIZATION_PREFERS_STRING_CATALOGS = YES;
				OTHER_LDFLAGS = "-lsqlite3";
				PRODUCT_BUNDLE_IDENTIFIER = com.prof18.feedflow.dev.ShareExtension;
				PRODUCT_NAME = "$(TARGET_NAME)";
				PROVISIONING_PROFILE_SPECIFIER = "";
				SKIP_INSTALL = YES;
				SWIFT_ACTIVE_COMPILATION_CONDITIONS = "APP_EXTENSION DEBUG";
				SWIFT_EMIT_LOC_STRINGS = YES;
				SWIFT_VERSION = 5.0;
				TARGETED_DEVICE_FAMILY = "1,2";
			};
			name = Debug;
		};
		13929EA72D7345F0003752AE /* Release */ = {
			isa = XCBuildConfiguration;
			baseConfigurationReferenceAnchor = CC6B8A692CCE8B8800847E7F /* Assets */;
			baseConfigurationReferenceRelativePath = ShareExtension.xcconfig;
			buildSettings = {
				ASSETCATALOG_COMPILER_GENERATE_SWIFT_ASSET_SYMBOL_EXTENSIONS = YES;
				CLANG_CXX_LANGUAGE_STANDARD = "gnu++20";
				CODE_SIGN_ENTITLEMENTS = ShareExtension/ShareExtension.entitlements;
				CODE_SIGN_IDENTITY = "Apple Development";
				"CODE_SIGN_IDENTITY[sdk=iphoneos*]" = "Apple Development";
				CODE_SIGN_STYLE = Manual;
				DEVELOPMENT_TEAM = "";
				"DEVELOPMENT_TEAM[sdk=iphoneos*]" = Q7CUB3RNAK;
				ENABLE_USER_SCRIPT_SANDBOXING = NO;
				FRAMEWORK_SEARCH_PATHS = "$(SRCROOT)/../shared/build/xcode-frameworks/$(CONFIGURATION)/$(SDK_NAME)";
				GCC_C_LANGUAGE_STANDARD = gnu17;
				GENERATE_INFOPLIST_FILE = NO;
				INFOPLIST_FILE = ShareExtension/Info.plist;
				INFOPLIST_KEY_CFBundleDisplayName = ShareExtension;
				INFOPLIST_KEY_NSHumanReadableCopyright = "Copyright © 2025 FeedFlow. All rights reserved.";
				INFOPLIST_PREFIX_HEADER = Plist/Prefix;
				INFOPLIST_PREPROCESS = YES;
				IPHONEOS_DEPLOYMENT_TARGET = 18.2;
				LD_RUNPATH_SEARCH_PATHS = (
					"$(inherited)",
					"@executable_path/Frameworks",
					"@executable_path/../../Frameworks",
				);
				LOCALIZATION_PREFERS_STRING_CATALOGS = YES;
				OTHER_LDFLAGS = "-lsqlite3";
				PRODUCT_BUNDLE_IDENTIFIER = com.prof18.feedflow.ShareExtension;
				PRODUCT_NAME = "$(TARGET_NAME)";
				PROVISIONING_PROFILE_SPECIFIER = "";
				"PROVISIONING_PROFILE_SPECIFIER[sdk=iphoneos*]" = FeedFlowShareExtensionGHActionDevProvisioning;
				SKIP_INSTALL = YES;
				SWIFT_ACTIVE_COMPILATION_CONDITIONS = APP_EXTENSION;
				SWIFT_EMIT_LOC_STRINGS = YES;
				SWIFT_VERSION = 5.0;
				TARGETED_DEVICE_FAMILY = "1,2";
			};
			name = Release;
		};
		13A571F72D747F0700F0FFB0 /* Debug */ = {
			isa = XCBuildConfiguration;
			baseConfigurationReferenceAnchor = CC6B8A692CCE8B8800847E7F /* Assets */;
			baseConfigurationReferenceRelativePath = Widget.xcconfig;
			buildSettings = {
				ASSETCATALOG_COMPILER_GENERATE_SWIFT_ASSET_SYMBOL_EXTENSIONS = YES;
				ASSETCATALOG_COMPILER_GLOBAL_ACCENT_COLOR_NAME = AccentColor;
				ASSETCATALOG_COMPILER_WIDGET_BACKGROUND_COLOR_NAME = WidgetBackground;
				CLANG_CXX_LANGUAGE_STANDARD = "gnu++20";
				CODE_SIGN_ENTITLEMENTS = WidgetExtension.entitlements;
				CODE_SIGN_IDENTITY = "Apple Development";
				CODE_SIGN_STYLE = Automatic;
				CURRENT_PROJECT_VERSION = 1;
				DEBUG_INFORMATION_FORMAT = dwarf;
				DEVELOPMENT_TEAM = Q7CUB3RNAK;
				ENABLE_USER_SCRIPT_SANDBOXING = NO;
				GCC_C_LANGUAGE_STANDARD = gnu17;
				GENERATE_INFOPLIST_FILE = NO;
				INFOPLIST_FILE = Widget/Info.plist;
				INFOPLIST_KEY_CFBundleDisplayName = Widget;
				INFOPLIST_KEY_NSHumanReadableCopyright = "Copyright © 2025 FeedFlow. All rights reserved.";
				INFOPLIST_PREFIX_HEADER = Plist/Prefix;
				INFOPLIST_PREPROCESS = YES;
				IPHONEOS_DEPLOYMENT_TARGET = 18.2;
				LD_RUNPATH_SEARCH_PATHS = (
					"$(inherited)",
					"@executable_path/Frameworks",
					"@executable_path/../../Frameworks",
					"$(SRCROOT)/../shared/build/xcode-frameworks/$(CONFIGURATION)/$(SDK_NAME)",
				);
				LOCALIZATION_PREFERS_STRING_CATALOGS = YES;
				MARKETING_VERSION = 1.0;
				OTHER_LDFLAGS = "-lsqlite3";
				PRODUCT_BUNDLE_IDENTIFIER = com.prof18.feedflow.dev.Widget;
				PRODUCT_NAME = "$(TARGET_NAME)";
				PROVISIONING_PROFILE_SPECIFIER = "";
				SKIP_INSTALL = YES;
				SWIFT_ACTIVE_COMPILATION_CONDITIONS = "DEBUG $(inherited) APP_EXTENSION";
				SWIFT_EMIT_LOC_STRINGS = YES;
				SWIFT_VERSION = 5.0;
				TARGETED_DEVICE_FAMILY = "1,2";
			};
			name = Debug;
		};
		13A571F82D747F0700F0FFB0 /* Release */ = {
			isa = XCBuildConfiguration;
			baseConfigurationReferenceAnchor = CC6B8A692CCE8B8800847E7F /* Assets */;
			baseConfigurationReferenceRelativePath = Widget.xcconfig;
			buildSettings = {
				ASSETCATALOG_COMPILER_GENERATE_SWIFT_ASSET_SYMBOL_EXTENSIONS = YES;
				ASSETCATALOG_COMPILER_GLOBAL_ACCENT_COLOR_NAME = AccentColor;
				ASSETCATALOG_COMPILER_WIDGET_BACKGROUND_COLOR_NAME = WidgetBackground;
				CLANG_CXX_LANGUAGE_STANDARD = "gnu++20";
				CODE_SIGN_ENTITLEMENTS = WidgetExtension.entitlements;
				CODE_SIGN_IDENTITY = "Apple Development";
				"CODE_SIGN_IDENTITY[sdk=iphoneos*]" = "Apple Development";
				CODE_SIGN_STYLE = Manual;
				CURRENT_PROJECT_VERSION = 1;
				DEVELOPMENT_TEAM = "";
				"DEVELOPMENT_TEAM[sdk=iphoneos*]" = Q7CUB3RNAK;
				ENABLE_USER_SCRIPT_SANDBOXING = NO;
				GCC_C_LANGUAGE_STANDARD = gnu17;
				GENERATE_INFOPLIST_FILE = NO;
				INFOPLIST_FILE = Widget/Info.plist;
				INFOPLIST_KEY_CFBundleDisplayName = Widget;
				INFOPLIST_KEY_NSHumanReadableCopyright = "Copyright © 2025 FeedFlow. All rights reserved.";
				INFOPLIST_PREFIX_HEADER = Plist/Prefix;
				INFOPLIST_PREPROCESS = YES;
				IPHONEOS_DEPLOYMENT_TARGET = 18.2;
				LD_RUNPATH_SEARCH_PATHS = (
					"$(inherited)",
					"@executable_path/Frameworks",
					"@executable_path/../../Frameworks",
					"$(SRCROOT)/../shared/build/xcode-frameworks/$(CONFIGURATION)/$(SDK_NAME)",
				);
				LOCALIZATION_PREFERS_STRING_CATALOGS = YES;
				MARKETING_VERSION = 1.0;
				OTHER_LDFLAGS = "-lsqlite3";
				PRODUCT_BUNDLE_IDENTIFIER = com.prof18.feedflow.Widget;
				PRODUCT_NAME = "$(TARGET_NAME)";
				PROVISIONING_PROFILE_SPECIFIER = "";
				"PROVISIONING_PROFILE_SPECIFIER[sdk=iphoneos*]" = FeedFlowWidgetGHActionDevProvisioning;
				SKIP_INSTALL = YES;
				SWIFT_ACTIVE_COMPILATION_CONDITIONS = APP_EXTENSION;
				SWIFT_EMIT_LOC_STRINGS = YES;
				SWIFT_VERSION = 5.0;
				TARGETED_DEVICE_FAMILY = "1,2";
			};
			name = Release;
		};
		7555FFA3242A565B00829871 /* Debug */ = {
			isa = XCBuildConfiguration;
			baseConfigurationReferenceAnchor = CC6B8A692CCE8B8800847E7F /* Assets */;
			baseConfigurationReferenceRelativePath = Config.xcconfig;
			buildSettings = {
				ALWAYS_SEARCH_USER_PATHS = NO;
				CLANG_ANALYZER_LOCALIZABILITY_NONLOCALIZED = YES;
				CLANG_ANALYZER_NONNULL = YES;
				CLANG_ANALYZER_NUMBER_OBJECT_CONVERSION = YES_AGGRESSIVE;
				CLANG_CXX_LANGUAGE_STANDARD = "gnu++14";
				CLANG_CXX_LIBRARY = "libc++";
				CLANG_ENABLE_MODULES = YES;
				CLANG_ENABLE_OBJC_ARC = YES;
				CLANG_ENABLE_OBJC_WEAK = YES;
				CLANG_WARN_BLOCK_CAPTURE_AUTORELEASING = YES;
				CLANG_WARN_BOOL_CONVERSION = YES;
				CLANG_WARN_COMMA = YES;
				CLANG_WARN_CONSTANT_CONVERSION = YES;
				CLANG_WARN_DEPRECATED_OBJC_IMPLEMENTATIONS = YES;
				CLANG_WARN_DIRECT_OBJC_ISA_USAGE = YES_ERROR;
				CLANG_WARN_DOCUMENTATION_COMMENTS = YES;
				CLANG_WARN_EMPTY_BODY = YES;
				CLANG_WARN_ENUM_CONVERSION = YES;
				CLANG_WARN_INFINITE_RECURSION = YES;
				CLANG_WARN_INT_CONVERSION = YES;
				CLANG_WARN_NON_LITERAL_NULL_CONVERSION = YES;
				CLANG_WARN_OBJC_IMPLICIT_RETAIN_SELF = YES;
				CLANG_WARN_OBJC_LITERAL_CONVERSION = YES;
				CLANG_WARN_OBJC_ROOT_CLASS = YES_ERROR;
				CLANG_WARN_QUOTED_INCLUDE_IN_FRAMEWORK_HEADER = YES;
				CLANG_WARN_RANGE_LOOP_ANALYSIS = YES;
				CLANG_WARN_STRICT_PROTOTYPES = YES;
				CLANG_WARN_SUSPICIOUS_MOVE = YES;
				CLANG_WARN_UNGUARDED_AVAILABILITY = YES_AGGRESSIVE;
				CLANG_WARN_UNREACHABLE_CODE = YES;
				CLANG_WARN__DUPLICATE_METHOD_MATCH = YES;
				COPY_PHASE_STRIP = NO;
				DEBUG_INFORMATION_FORMAT = "dwarf-with-dsym";
				ENABLE_STRICT_OBJC_MSGSEND = YES;
				ENABLE_TESTABILITY = YES;
				GCC_C_LANGUAGE_STANDARD = gnu11;
				GCC_DYNAMIC_NO_PIC = NO;
				GCC_NO_COMMON_BLOCKS = YES;
				GCC_OPTIMIZATION_LEVEL = 0;
				GCC_PREPROCESSOR_DEFINITIONS = (
					"DEBUG=1",
					"$(inherited)",
				);
				GCC_WARN_64_TO_32_BIT_CONVERSION = YES;
				GCC_WARN_ABOUT_RETURN_TYPE = YES_ERROR;
				GCC_WARN_UNDECLARED_SELECTOR = YES;
				GCC_WARN_UNINITIALIZED_AUTOS = YES_AGGRESSIVE;
				GCC_WARN_UNUSED_FUNCTION = YES;
				GCC_WARN_UNUSED_VARIABLE = YES;
				INFOPLIST_PREFIX_HEADER = Plist/Prefix;
				INFOPLIST_PREPROCESS = YES;
				IPHONEOS_DEPLOYMENT_TARGET = 17.0;
				MTL_ENABLE_DEBUG_INFO = INCLUDE_SOURCE;
				MTL_FAST_MATH = YES;
				ONLY_ACTIVE_ARCH = YES;
				SDKROOT = iphoneos;
				SWIFT_ACTIVE_COMPILATION_CONDITIONS = DEBUG;
				SWIFT_OPTIMIZATION_LEVEL = "-Onone";
			};
			name = Debug;
		};
		7555FFA4242A565B00829871 /* Release */ = {
			isa = XCBuildConfiguration;
			baseConfigurationReferenceAnchor = CC6B8A692CCE8B8800847E7F /* Assets */;
			baseConfigurationReferenceRelativePath = Config.xcconfig;
			buildSettings = {
				ALWAYS_SEARCH_USER_PATHS = NO;
				CLANG_ANALYZER_LOCALIZABILITY_NONLOCALIZED = YES;
				CLANG_ANALYZER_NONNULL = YES;
				CLANG_ANALYZER_NUMBER_OBJECT_CONVERSION = YES_AGGRESSIVE;
				CLANG_CXX_LANGUAGE_STANDARD = "gnu++14";
				CLANG_CXX_LIBRARY = "libc++";
				CLANG_ENABLE_MODULES = YES;
				CLANG_ENABLE_OBJC_ARC = YES;
				CLANG_ENABLE_OBJC_WEAK = YES;
				CLANG_WARN_BLOCK_CAPTURE_AUTORELEASING = YES;
				CLANG_WARN_BOOL_CONVERSION = YES;
				CLANG_WARN_COMMA = YES;
				CLANG_WARN_CONSTANT_CONVERSION = YES;
				CLANG_WARN_DEPRECATED_OBJC_IMPLEMENTATIONS = YES;
				CLANG_WARN_DIRECT_OBJC_ISA_USAGE = YES_ERROR;
				CLANG_WARN_DOCUMENTATION_COMMENTS = YES;
				CLANG_WARN_EMPTY_BODY = YES;
				CLANG_WARN_ENUM_CONVERSION = YES;
				CLANG_WARN_INFINITE_RECURSION = YES;
				CLANG_WARN_INT_CONVERSION = YES;
				CLANG_WARN_NON_LITERAL_NULL_CONVERSION = YES;
				CLANG_WARN_OBJC_IMPLICIT_RETAIN_SELF = YES;
				CLANG_WARN_OBJC_LITERAL_CONVERSION = YES;
				CLANG_WARN_OBJC_ROOT_CLASS = YES_ERROR;
				CLANG_WARN_QUOTED_INCLUDE_IN_FRAMEWORK_HEADER = YES;
				CLANG_WARN_RANGE_LOOP_ANALYSIS = YES;
				CLANG_WARN_STRICT_PROTOTYPES = YES;
				CLANG_WARN_SUSPICIOUS_MOVE = YES;
				CLANG_WARN_UNGUARDED_AVAILABILITY = YES_AGGRESSIVE;
				CLANG_WARN_UNREACHABLE_CODE = YES;
				CLANG_WARN__DUPLICATE_METHOD_MATCH = YES;
				COPY_PHASE_STRIP = NO;
				DEBUG_INFORMATION_FORMAT = "dwarf-with-dsym";
				ENABLE_NS_ASSERTIONS = NO;
				ENABLE_STRICT_OBJC_MSGSEND = YES;
				GCC_C_LANGUAGE_STANDARD = gnu11;
				GCC_NO_COMMON_BLOCKS = YES;
				GCC_WARN_64_TO_32_BIT_CONVERSION = YES;
				GCC_WARN_ABOUT_RETURN_TYPE = YES_ERROR;
				GCC_WARN_UNDECLARED_SELECTOR = YES;
				GCC_WARN_UNINITIALIZED_AUTOS = YES_AGGRESSIVE;
				GCC_WARN_UNUSED_FUNCTION = YES;
				GCC_WARN_UNUSED_VARIABLE = YES;
				INFOPLIST_PREFIX_HEADER = Plist/Prefix;
				INFOPLIST_PREPROCESS = YES;
				IPHONEOS_DEPLOYMENT_TARGET = 17.0;
				MTL_ENABLE_DEBUG_INFO = NO;
				MTL_FAST_MATH = YES;
				SDKROOT = iphoneos;
				SWIFT_COMPILATION_MODE = wholemodule;
				SWIFT_OPTIMIZATION_LEVEL = "-O";
				VALIDATE_PRODUCT = YES;
			};
			name = Release;
		};
		7555FFA6242A565B00829871 /* Debug */ = {
			isa = XCBuildConfiguration;
			baseConfigurationReferenceAnchor = CC6B8A692CCE8B8800847E7F /* Assets */;
			baseConfigurationReferenceRelativePath = FeedFlow.xcconfig;
			buildSettings = {
				ASSETCATALOG_COMPILER_APPICON_NAME = AppIconDebug;
				CODE_SIGN_ENTITLEMENTS = FeedFlow.entitlements;
				CODE_SIGN_IDENTITY = "Apple Development";
				CODE_SIGN_STYLE = Automatic;
				CURRENT_PROJECT_VERSION = 1;
				DEVELOPMENT_ASSET_PATHS = "\"Preview Content\"";
				DEVELOPMENT_TEAM = Q7CUB3RNAK;
				ENABLE_PREVIEWS = YES;
				FRAMEWORK_SEARCH_PATHS = "$(SRCROOT)/../shared/build/xcode-frameworks/$(CONFIGURATION)/$(SDK_NAME)";
				INFOPLIST_FILE = Info.plist;
				INFOPLIST_KEY_CFBundleDisplayName = FeedFlow;
				INFOPLIST_PREFIX_HEADER = Plist/Prefix;
				INFOPLIST_PREPROCESS = YES;
				IPHONEOS_DEPLOYMENT_TARGET = 17.0;
				LD_RUNPATH_SEARCH_PATHS = (
					"$(inherited)",
					"@executable_path/Frameworks",
				);
				MARKETING_VERSION = 0.0.1;
				OTHER_LDFLAGS = (
					"$(inherited)",
					"-framework",
					FeedFlowKit,
					"-lsqlite3",
				);
				PRODUCT_BUNDLE_IDENTIFIER = com.prof18.feedflow.dev;
				PRODUCT_NAME = "$(TARGET_NAME)";
				PROVISIONING_PROFILE_SPECIFIER = "";
				SUPPORTED_PLATFORMS = "iphoneos iphonesimulator";
				SUPPORTS_MACCATALYST = NO;
				SWIFT_VERSION = 5.0;
				TARGETED_DEVICE_FAMILY = "1,2";
				XROS_DEPLOYMENT_TARGET = 1.0;
			};
			name = Debug;
		};
		7555FFA7242A565B00829871 /* Release */ = {
			isa = XCBuildConfiguration;
			baseConfigurationReferenceAnchor = CC6B8A692CCE8B8800847E7F /* Assets */;
			baseConfigurationReferenceRelativePath = FeedFlow.xcconfig;
			buildSettings = {
				ASSETCATALOG_COMPILER_APPICON_NAME = AppIcon;
				CODE_SIGN_ENTITLEMENTS = FeedFlow.entitlements;
				CODE_SIGN_IDENTITY = "Apple Development";
				"CODE_SIGN_IDENTITY[sdk=iphoneos*]" = "Apple Development";
				CODE_SIGN_STYLE = Manual;
				CURRENT_PROJECT_VERSION = 1;
				DEVELOPMENT_ASSET_PATHS = "\"Preview Content\"";
				DEVELOPMENT_TEAM = "";
				"DEVELOPMENT_TEAM[sdk=iphoneos*]" = Q7CUB3RNAK;
				ENABLE_PREVIEWS = YES;
				FRAMEWORK_SEARCH_PATHS = "$(SRCROOT)/../shared/build/xcode-frameworks/$(CONFIGURATION)/$(SDK_NAME)";
				INFOPLIST_FILE = Info.plist;
				INFOPLIST_KEY_CFBundleDisplayName = FeedFlow;
				INFOPLIST_PREFIX_HEADER = Plist/Prefix;
				INFOPLIST_PREPROCESS = YES;
				IPHONEOS_DEPLOYMENT_TARGET = 17.0;
				LD_RUNPATH_SEARCH_PATHS = (
					"$(inherited)",
					"@executable_path/Frameworks",
				);
				MARKETING_VERSION = 0.0.1;
				OTHER_LDFLAGS = (
					"$(inherited)",
					"-framework",
					FeedFlowKit,
					"-lsqlite3",
				);
				PRODUCT_BUNDLE_IDENTIFIER = com.prof18.feedflow;
				PRODUCT_NAME = "$(TARGET_NAME)";
				PROVISIONING_PROFILE_SPECIFIER = "";
				"PROVISIONING_PROFILE_SPECIFIER[sdk=iphoneos*]" = FeedFlowGHActionDevProvisioning;
				SUPPORTED_PLATFORMS = "iphoneos iphonesimulator";
				SUPPORTS_MACCATALYST = NO;
				SWIFT_VERSION = 5.0;
				TARGETED_DEVICE_FAMILY = "1,2";
				XROS_DEPLOYMENT_TARGET = 1.0;
			};
			name = Release;
		};
		CC36F68229DF478100B3EB62 /* Debug */ = {
			isa = XCBuildConfiguration;
			buildSettings = {
				CODE_SIGN_STYLE = Automatic;
				DEVELOPMENT_TEAM = "$(DEVELOPMENT_TEAM)";
				PRODUCT_NAME = "$(TARGET_NAME)";
			};
			name = Debug;
		};
		CC36F68329DF478100B3EB62 /* Release */ = {
			isa = XCBuildConfiguration;
			buildSettings = {
				CODE_SIGN_STYLE = Automatic;
				DEVELOPMENT_TEAM = "$(DEVELOPMENT_TEAM)";
				PRODUCT_NAME = "$(TARGET_NAME)";
			};
			name = Release;
		};
/* End XCBuildConfiguration section */

/* Begin XCConfigurationList section */
		13929EA52D7345F0003752AE /* Build configuration list for PBXNativeTarget "ShareExtension" */ = {
			isa = XCConfigurationList;
			buildConfigurations = (
				13929EA62D7345F0003752AE /* Debug */,
				13929EA72D7345F0003752AE /* Release */,
			);
			defaultConfigurationIsVisible = 0;
			defaultConfigurationName = Release;
		};
		13A571F62D747F0700F0FFB0 /* Build configuration list for PBXNativeTarget "WidgetExtension" */ = {
			isa = XCConfigurationList;
			buildConfigurations = (
				13A571F72D747F0700F0FFB0 /* Debug */,
				13A571F82D747F0700F0FFB0 /* Release */,
			);
			defaultConfigurationIsVisible = 0;
			defaultConfigurationName = Release;
		};
		7555FF76242A565900829871 /* Build configuration list for PBXProject "FeedFlow" */ = {
			isa = XCConfigurationList;
			buildConfigurations = (
				7555FFA3242A565B00829871 /* Debug */,
				7555FFA4242A565B00829871 /* Release */,
			);
			defaultConfigurationIsVisible = 0;
			defaultConfigurationName = Release;
		};
		7555FFA5242A565B00829871 /* Build configuration list for PBXNativeTarget "FeedFlow" */ = {
			isa = XCConfigurationList;
			buildConfigurations = (
				7555FFA6242A565B00829871 /* Debug */,
				7555FFA7242A565B00829871 /* Release */,
			);
			defaultConfigurationIsVisible = 0;
			defaultConfigurationName = Release;
		};
		CC36F68129DF478100B3EB62 /* Build configuration list for PBXAggregateTarget "VersionGenerator" */ = {
			isa = XCConfigurationList;
			buildConfigurations = (
				CC36F68229DF478100B3EB62 /* Debug */,
				CC36F68329DF478100B3EB62 /* Release */,
			);
			defaultConfigurationIsVisible = 0;
			defaultConfigurationName = Release;
		};
/* End XCConfigurationList section */

/* Begin XCRemoteSwiftPackageReference section */
		13929EB32D734E6E003752AE /* XCRemoteSwiftPackageReference "firebase-ios-sdk" */ = {
			isa = XCRemoteSwiftPackageReference;
			repositoryURL = "https://github.com/firebase/firebase-ios-sdk";
			requirement = {
				kind = exactVersion;
				version = 11.15.0;
			};
		};
		CC0799402C29B74600067E06 /* XCRemoteSwiftPackageReference "SwiftyDropbox" */ = {
			isa = XCRemoteSwiftPackageReference;
			repositoryURL = "https://github.com/dropbox/SwiftyDropbox.git";
			requirement = {
				kind = exactVersion;
				version = 10.2.0;
			};
		};
		CC23293A29D85208005D0E06 /* XCRemoteSwiftPackageReference "SwiftSoup" */ = {
			isa = XCRemoteSwiftPackageReference;
			repositoryURL = "https://github.com/scinfu/SwiftSoup";
			requirement = {
				kind = exactVersion;
				version = 2.11.1;
			};
		};
		CC4B803929D98BB20004A0AB /* XCRemoteSwiftPackageReference "Nuke" */ = {
			isa = XCRemoteSwiftPackageReference;
			repositoryURL = "https://github.com/kean/Nuke";
			requirement = {
				kind = exactVersion;
				version = 12.8.0;
			};
		};
		CC4B803E29D9A31E0004A0AB /* XCRemoteSwiftPackageReference "swift-collections" */ = {
			isa = XCRemoteSwiftPackageReference;
			repositoryURL = "https://github.com/apple/swift-collections.git";
			requirement = {
				kind = exactVersion;
				version = 1.1.4;
			};
		};
		CCEBF1402E2CFEDD004CE2B2 /* XCRemoteSwiftPackageReference "SwiftSDK" */ = {
			isa = XCRemoteSwiftPackageReference;
			repositoryURL = "https://github.com/TelemetryDeck/SwiftSDK";
			requirement = {
				kind = exactVersion;
				version = 2.9.4;
			};
		};
/* End XCRemoteSwiftPackageReference section */

/* Begin XCSwiftPackageProductDependency section */
		132B595D2DB28E8D0005D0D7 /* Reader */ = {
			isa = XCSwiftPackageProductDependency;
			productName = Reader;
		};
		133E7E302E4F2BD800B2232E /* TelemetryDeck */ = {
			isa = XCSwiftPackageProductDependency;
			package = CCEBF1402E2CFEDD004CE2B2 /* XCRemoteSwiftPackageReference "SwiftSDK" */;
			productName = TelemetryDeck;
		};
		1378B0422D735968004E9424 /* SwiftyDropbox */ = {
			isa = XCSwiftPackageProductDependency;
			package = CC0799402C29B74600067E06 /* XCRemoteSwiftPackageReference "SwiftyDropbox" */;
			productName = SwiftyDropbox;
		};
		1378B0442D735977004E9424 /* SwiftSoup */ = {
			isa = XCSwiftPackageProductDependency;
			package = CC23293A29D85208005D0E06 /* XCRemoteSwiftPackageReference "SwiftSoup" */;
			productName = SwiftSoup;
		};
		13929EB42D734E6E003752AE /* FirebaseCrashlytics */ = {
			isa = XCSwiftPackageProductDependency;
			package = 13929EB32D734E6E003752AE /* XCRemoteSwiftPackageReference "firebase-ios-sdk" */;
			productName = FirebaseCrashlytics;
		};
		13929EB62D734E95003752AE /* FirebaseCrashlytics */ = {
			isa = XCSwiftPackageProductDependency;
			package = 13929EB32D734E6E003752AE /* XCRemoteSwiftPackageReference "firebase-ios-sdk" */;
			productName = FirebaseCrashlytics;
		};
		13A571FE2D7486D300F0FFB0 /* SwiftyDropbox */ = {
			isa = XCSwiftPackageProductDependency;
			package = CC0799402C29B74600067E06 /* XCRemoteSwiftPackageReference "SwiftyDropbox" */;
			productName = SwiftyDropbox;
		};
		13A572002D7486E300F0FFB0 /* SwiftSoup */ = {
			isa = XCSwiftPackageProductDependency;
			package = CC23293A29D85208005D0E06 /* XCRemoteSwiftPackageReference "SwiftSoup" */;
			productName = SwiftSoup;
		};
		13A572022D7486F700F0FFB0 /* FirebaseCrashlytics */ = {
			isa = XCSwiftPackageProductDependency;
			package = 13929EB32D734E6E003752AE /* XCRemoteSwiftPackageReference "firebase-ios-sdk" */;
			productName = FirebaseCrashlytics;
		};
		13A572042D74870A00F0FFB0 /* Nuke */ = {
			isa = XCSwiftPackageProductDependency;
			package = CC4B803929D98BB20004A0AB /* XCRemoteSwiftPackageReference "Nuke" */;
			productName = Nuke;
		};
		CC0799412C29B74600067E06 /* SwiftyDropbox */ = {
			isa = XCSwiftPackageProductDependency;
			package = CC0799402C29B74600067E06 /* XCRemoteSwiftPackageReference "SwiftyDropbox" */;
			productName = SwiftyDropbox;
		};
		CC23293B29D85208005D0E06 /* SwiftSoup */ = {
			isa = XCSwiftPackageProductDependency;
			package = CC23293A29D85208005D0E06 /* XCRemoteSwiftPackageReference "SwiftSoup" */;
			productName = SwiftSoup;
		};
		CC4B803A29D98BB20004A0AB /* Nuke */ = {
			isa = XCSwiftPackageProductDependency;
			package = CC4B803929D98BB20004A0AB /* XCRemoteSwiftPackageReference "Nuke" */;
			productName = Nuke;
		};
		CC4B803C29D98BB20004A0AB /* NukeUI */ = {
			isa = XCSwiftPackageProductDependency;
			package = CC4B803929D98BB20004A0AB /* XCRemoteSwiftPackageReference "Nuke" */;
			productName = NukeUI;
		};
		CC4B803F29D9A31E0004A0AB /* Collections */ = {
			isa = XCSwiftPackageProductDependency;
			package = CC4B803E29D9A31E0004A0AB /* XCRemoteSwiftPackageReference "swift-collections" */;
			productName = Collections;
		};
		CC4B804129D9A31E0004A0AB /* OrderedCollections */ = {
			isa = XCSwiftPackageProductDependency;
			package = CC4B803E29D9A31E0004A0AB /* XCRemoteSwiftPackageReference "swift-collections" */;
			productName = OrderedCollections;
		};
		CCEBF1412E2CFEDD004CE2B2 /* TelemetryDeck */ = {
			isa = XCSwiftPackageProductDependency;
			package = CCEBF1402E2CFEDD004CE2B2 /* XCRemoteSwiftPackageReference "SwiftSDK" */;
			productName = TelemetryDeck;
		};
/* End XCSwiftPackageProductDependency section */
	};
	rootObject = 7555FF73242A565900829871 /* Project object */;
}
